// !$*UTF8*$!
{
	archiveVersion = 1;
	classes = {
	};
	objectVersion = 51;
	objects = {

/* Begin PBXBuildFile section */
		0DE0B57E25C5DD8A00ADF4C7 /* SFProDisplay-Thin.otf in Resources */ = {isa = PBXBuildFile; fileRef = 0DE0B57D25C5DD8A00ADF4C7 /* SFProDisplay-Thin.otf */; };
		0DE0B58325C5DED800ADF4C7 /* SFProDisplay.swift in Sources */ = {isa = PBXBuildFile; fileRef = 0DE0B58225C5DED800ADF4C7 /* SFProDisplay.swift */; };
		0DE0B58925C5DF8900ADF4C7 /* SFProDisplay-Regular.otf in Resources */ = {isa = PBXBuildFile; fileRef = 0DE0B58625C5DF8900ADF4C7 /* SFProDisplay-Regular.otf */; };
		0DE0B58A25C5DF8900ADF4C7 /* SFProDisplay-Semibold.otf in Resources */ = {isa = PBXBuildFile; fileRef = 0DE0B58725C5DF8900ADF4C7 /* SFProDisplay-Semibold.otf */; };
		0DE0B58B25C5DF8900ADF4C7 /* SFProDisplay-Light.otf in Resources */ = {isa = PBXBuildFile; fileRef = 0DE0B58825C5DF8900ADF4C7 /* SFProDisplay-Light.otf */; };
		0DE0B59B25C6299A00ADF4C7 /* String+Extension.swift in Sources */ = {isa = PBXBuildFile; fileRef = 0DE0B59A25C6299A00ADF4C7 /* String+Extension.swift */; };
		0DF4093825A74EB10005609F /* Presentation.framework in Frameworks */ = {isa = PBXBuildFile; fileRef = 0DF4092E25A74EB10005609F /* Presentation.framework */; };
		0DF4093D25A74EB10005609F /* PresentationTests.swift in Sources */ = {isa = PBXBuildFile; fileRef = 0DF4093C25A74EB10005609F /* PresentationTests.swift */; };
		0DF4093F25A74EB10005609F /* Presentation.h in Headers */ = {isa = PBXBuildFile; fileRef = 0DF4093125A74EB10005609F /* Presentation.h */; settings = {ATTRIBUTES = (Public, ); }; };
		0DF4094C25A74ECD0005609F /* Common.framework in Frameworks */ = {isa = PBXBuildFile; fileRef = 0DF4094B25A74ECD0005609F /* Common.framework */; };
		0DF40ADC25A7A8D80005609F /* PresentationAssets.xcassets in Resources */ = {isa = PBXBuildFile; fileRef = 0DF40ADB25A7A8D80005609F /* PresentationAssets.xcassets */; };
		0DF40AFA25A7A8E40005609F /* Assets.swift in Sources */ = {isa = PBXBuildFile; fileRef = 0DF40AF925A7A8E40005609F /* Assets.swift */; };
		0DF40B0125A7A94E0005609F /* Colors.swift in Sources */ = {isa = PBXBuildFile; fileRef = 0DF40B0025A7A94E0005609F /* Colors.swift */; };
		0DF40B0825A7AD910005609F /* Font.swift in Sources */ = {isa = PBXBuildFile; fileRef = 0DF40B0725A7AD910005609F /* Font.swift */; };
		0DF40B1425A7ADFB0005609F /* NewYorkLarge.swift in Sources */ = {isa = PBXBuildFile; fileRef = 0DF40B0C25A7ADFB0005609F /* NewYorkLarge.swift */; };
		0DF40B1525A7ADFB0005609F /* NewYorkLarge-Regular.otf in Resources */ = {isa = PBXBuildFile; fileRef = 0DF40B0D25A7ADFB0005609F /* NewYorkLarge-Regular.otf */; };
		0DF40B1625A7ADFB0005609F /* NewYorkLarge-Semibold.otf in Resources */ = {isa = PBXBuildFile; fileRef = 0DF40B0E25A7ADFB0005609F /* NewYorkLarge-Semibold.otf */; };
		0DF40B1725A7ADFB0005609F /* SFProText-Regular.otf in Resources */ = {isa = PBXBuildFile; fileRef = 0DF40B1025A7ADFB0005609F /* SFProText-Regular.otf */; };
		0DF40B1925A7ADFB0005609F /* SFProText-Semibold.otf in Resources */ = {isa = PBXBuildFile; fileRef = 0DF40B1225A7ADFB0005609F /* SFProText-Semibold.otf */; };
		0DF40B1A25A7ADFB0005609F /* SFProText.swift in Sources */ = {isa = PBXBuildFile; fileRef = 0DF40B1325A7ADFB0005609F /* SFProText.swift */; };
		0DF40B3225A7AE7E0005609F /* Box.swift in Sources */ = {isa = PBXBuildFile; fileRef = 0DF40B2025A7AE7E0005609F /* Box.swift */; };
		0DF40B3325A7AE7E0005609F /* UIDecimalField.swift in Sources */ = {isa = PBXBuildFile; fileRef = 0DF40B2225A7AE7E0005609F /* UIDecimalField.swift */; };
		0DF40B3425A7AE7E0005609F /* UIAlertController+Extension.swift in Sources */ = {isa = PBXBuildFile; fileRef = 0DF40B2525A7AE7E0005609F /* UIAlertController+Extension.swift */; };
		0DF40B3525A7AE7E0005609F /* UIFont+Extension.swift in Sources */ = {isa = PBXBuildFile; fileRef = 0DF40B2625A7AE7E0005609F /* UIFont+Extension.swift */; };
		0DF40B3625A7AE7E0005609F /* UIColor+Extension.swift in Sources */ = {isa = PBXBuildFile; fileRef = 0DF40B2725A7AE7E0005609F /* UIColor+Extension.swift */; };
		0DF40B3725A7AE7E0005609F /* UIView+Extension.swift in Sources */ = {isa = PBXBuildFile; fileRef = 0DF40B2825A7AE7E0005609F /* UIView+Extension.swift */; };
		0DF40B3825A7AE7E0005609F /* UINavigationController+Extension.swift in Sources */ = {isa = PBXBuildFile; fileRef = 0DF40B2925A7AE7E0005609F /* UINavigationController+Extension.swift */; };
		0DF40B3925A7AE7E0005609F /* UIViewController+Extension.swift in Sources */ = {isa = PBXBuildFile; fileRef = 0DF40B2A25A7AE7E0005609F /* UIViewController+Extension.swift */; };
		0DF40B3C25A7AE7E0005609F /* Localizable.strings in Resources */ = {isa = PBXBuildFile; fileRef = 0DF40B2E25A7AE7E0005609F /* Localizable.strings */; };
		0DF40B3D25A7AE7E0005609F /* LocalizedString.swift in Sources */ = {isa = PBXBuildFile; fileRef = 0DF40B3025A7AE7E0005609F /* LocalizedString.swift */; };
		0DF40B4125A7B1800005609F /* PresentationTexts.swift in Sources */ = {isa = PBXBuildFile; fileRef = 0DF40B4025A7B1800005609F /* PresentationTexts.swift */; };
		0DF4DB0A25AA05A90076D0EB /* UICodeView.swift in Sources */ = {isa = PBXBuildFile; fileRef = 0DF4DB0925AA05A90076D0EB /* UICodeView.swift */; };
		0DF4DB1425AA2D4E0076D0EB /* UICodeTableViewCell.swift in Sources */ = {isa = PBXBuildFile; fileRef = 0DF4DB1325AA2D4E0076D0EB /* UICodeTableViewCell.swift */; };
		0DF4DC3525AA4DE80076D0EB /* UITableView+Extension.swift in Sources */ = {isa = PBXBuildFile; fileRef = 0DF4DC3425AA4DE80076D0EB /* UITableView+Extension.swift */; };
		7A1B01834214BD5F1243DF56 /* Pods_Presentation.framework in Frameworks */ = {isa = PBXBuildFile; fileRef = 133858936F2E416F5C84FBF1 /* Pods_Presentation.framework */; };
		B51678155F4DE5FBBE60F88A /* Pods_Presentation_PresentationTests.framework in Frameworks */ = {isa = PBXBuildFile; fileRef = 387A42608BA0AD86508AE8DC /* Pods_Presentation_PresentationTests.framework */; };
/* End PBXBuildFile section */

/* Begin PBXContainerItemProxy section */
		0DF4093925A74EB10005609F /* PBXContainerItemProxy */ = {
			isa = PBXContainerItemProxy;
			containerPortal = 0DF4092525A74EB10005609F /* Project object */;
			proxyType = 1;
			remoteGlobalIDString = 0DF4092D25A74EB10005609F;
			remoteInfo = Presentation;
		};
/* End PBXContainerItemProxy section */

/* Begin PBXFileReference section */
		0997657ACCDD93A2F9F25B44 /* Pods-Presentation.debug.xcconfig */ = {isa = PBXFileReference; includeInIndex = 1; lastKnownFileType = text.xcconfig; name = "Pods-Presentation.debug.xcconfig"; path = "Target Support Files/Pods-Presentation/Pods-Presentation.debug.xcconfig"; sourceTree = "<group>"; };
		0DE0B57D25C5DD8A00ADF4C7 /* SFProDisplay-Thin.otf */ = {isa = PBXFileReference; lastKnownFileType = file; path = "SFProDisplay-Thin.otf"; sourceTree = "<group>"; };
		0DE0B58225C5DED800ADF4C7 /* SFProDisplay.swift */ = {isa = PBXFileReference; lastKnownFileType = sourcecode.swift; path = SFProDisplay.swift; sourceTree = "<group>"; };
		0DE0B58625C5DF8900ADF4C7 /* SFProDisplay-Regular.otf */ = {isa = PBXFileReference; lastKnownFileType = file; path = "SFProDisplay-Regular.otf"; sourceTree = "<group>"; };
		0DE0B58725C5DF8900ADF4C7 /* SFProDisplay-Semibold.otf */ = {isa = PBXFileReference; lastKnownFileType = file; path = "SFProDisplay-Semibold.otf"; sourceTree = "<group>"; };
		0DE0B58825C5DF8900ADF4C7 /* SFProDisplay-Light.otf */ = {isa = PBXFileReference; lastKnownFileType = file; path = "SFProDisplay-Light.otf"; sourceTree = "<group>"; };
		0DE0B59A25C6299A00ADF4C7 /* String+Extension.swift */ = {isa = PBXFileReference; lastKnownFileType = sourcecode.swift; path = "String+Extension.swift"; sourceTree = "<group>"; };
		0DF4092E25A74EB10005609F /* Presentation.framework */ = {isa = PBXFileReference; explicitFileType = wrapper.framework; includeInIndex = 0; path = Presentation.framework; sourceTree = BUILT_PRODUCTS_DIR; };
		0DF4093125A74EB10005609F /* Presentation.h */ = {isa = PBXFileReference; lastKnownFileType = sourcecode.c.h; path = Presentation.h; sourceTree = "<group>"; };
		0DF4093225A74EB10005609F /* Info.plist */ = {isa = PBXFileReference; lastKnownFileType = text.plist.xml; path = Info.plist; sourceTree = "<group>"; };
		0DF4093725A74EB10005609F /* PresentationTests.xctest */ = {isa = PBXFileReference; explicitFileType = wrapper.cfbundle; includeInIndex = 0; path = PresentationTests.xctest; sourceTree = BUILT_PRODUCTS_DIR; };
		0DF4093C25A74EB10005609F /* PresentationTests.swift */ = {isa = PBXFileReference; lastKnownFileType = sourcecode.swift; path = PresentationTests.swift; sourceTree = "<group>"; };
		0DF4093E25A74EB10005609F /* Info.plist */ = {isa = PBXFileReference; lastKnownFileType = text.plist.xml; path = Info.plist; sourceTree = "<group>"; };
		0DF4094B25A74ECD0005609F /* Common.framework */ = {isa = PBXFileReference; explicitFileType = wrapper.framework; path = Common.framework; sourceTree = BUILT_PRODUCTS_DIR; };
		0DF40ADB25A7A8D80005609F /* PresentationAssets.xcassets */ = {isa = PBXFileReference; lastKnownFileType = folder.assetcatalog; path = PresentationAssets.xcassets; sourceTree = "<group>"; };
		0DF40AF925A7A8E40005609F /* Assets.swift */ = {isa = PBXFileReference; lastKnownFileType = sourcecode.swift; path = Assets.swift; sourceTree = "<group>"; };
		0DF40B0025A7A94E0005609F /* Colors.swift */ = {isa = PBXFileReference; lastKnownFileType = sourcecode.swift; path = Colors.swift; sourceTree = "<group>"; };
		0DF40B0725A7AD910005609F /* Font.swift */ = {isa = PBXFileReference; lastKnownFileType = sourcecode.swift; path = Font.swift; sourceTree = "<group>"; };
		0DF40B0C25A7ADFB0005609F /* NewYorkLarge.swift */ = {isa = PBXFileReference; fileEncoding = 4; lastKnownFileType = sourcecode.swift; path = NewYorkLarge.swift; sourceTree = "<group>"; };
		0DF40B0D25A7ADFB0005609F /* NewYorkLarge-Regular.otf */ = {isa = PBXFileReference; lastKnownFileType = file; path = "NewYorkLarge-Regular.otf"; sourceTree = "<group>"; };
		0DF40B0E25A7ADFB0005609F /* NewYorkLarge-Semibold.otf */ = {isa = PBXFileReference; lastKnownFileType = file; path = "NewYorkLarge-Semibold.otf"; sourceTree = "<group>"; };
		0DF40B1025A7ADFB0005609F /* SFProText-Regular.otf */ = {isa = PBXFileReference; lastKnownFileType = file; path = "SFProText-Regular.otf"; sourceTree = "<group>"; };
		0DF40B1225A7ADFB0005609F /* SFProText-Semibold.otf */ = {isa = PBXFileReference; lastKnownFileType = file; path = "SFProText-Semibold.otf"; sourceTree = "<group>"; };
		0DF40B1325A7ADFB0005609F /* SFProText.swift */ = {isa = PBXFileReference; fileEncoding = 4; lastKnownFileType = sourcecode.swift; path = SFProText.swift; sourceTree = "<group>"; };
		0DF40B2025A7AE7E0005609F /* Box.swift */ = {isa = PBXFileReference; fileEncoding = 4; lastKnownFileType = sourcecode.swift; path = Box.swift; sourceTree = "<group>"; };
		0DF40B2225A7AE7E0005609F /* UIDecimalField.swift */ = {isa = PBXFileReference; fileEncoding = 4; lastKnownFileType = sourcecode.swift; path = UIDecimalField.swift; sourceTree = "<group>"; };
		0DF40B2525A7AE7E0005609F /* UIAlertController+Extension.swift */ = {isa = PBXFileReference; fileEncoding = 4; lastKnownFileType = sourcecode.swift; path = "UIAlertController+Extension.swift"; sourceTree = "<group>"; };
		0DF40B2625A7AE7E0005609F /* UIFont+Extension.swift */ = {isa = PBXFileReference; fileEncoding = 4; lastKnownFileType = sourcecode.swift; path = "UIFont+Extension.swift"; sourceTree = "<group>"; };
		0DF40B2725A7AE7E0005609F /* UIColor+Extension.swift */ = {isa = PBXFileReference; fileEncoding = 4; lastKnownFileType = sourcecode.swift; path = "UIColor+Extension.swift"; sourceTree = "<group>"; };
		0DF40B2825A7AE7E0005609F /* UIView+Extension.swift */ = {isa = PBXFileReference; fileEncoding = 4; lastKnownFileType = sourcecode.swift; path = "UIView+Extension.swift"; sourceTree = "<group>"; };
		0DF40B2925A7AE7E0005609F /* UINavigationController+Extension.swift */ = {isa = PBXFileReference; fileEncoding = 4; lastKnownFileType = sourcecode.swift; path = "UINavigationController+Extension.swift"; sourceTree = "<group>"; };
		0DF40B2A25A7AE7E0005609F /* UIViewController+Extension.swift */ = {isa = PBXFileReference; fileEncoding = 4; lastKnownFileType = sourcecode.swift; path = "UIViewController+Extension.swift"; sourceTree = "<group>"; };
		0DF40B2F25A7AE7E0005609F /* en */ = {isa = PBXFileReference; lastKnownFileType = text.plist.strings; name = en; path = en.lproj/Localizable.strings; sourceTree = "<group>"; };
		0DF40B3025A7AE7E0005609F /* LocalizedString.swift */ = {isa = PBXFileReference; fileEncoding = 4; lastKnownFileType = sourcecode.swift; path = LocalizedString.swift; sourceTree = "<group>"; };
		0DF40B3125A7AE7E0005609F /* pt-BR */ = {isa = PBXFileReference; lastKnownFileType = text.plist.strings; name = "pt-BR"; path = "pt-BR.lproj/Localizable.strings"; sourceTree = "<group>"; };
		0DF40B4025A7B1800005609F /* PresentationTexts.swift */ = {isa = PBXFileReference; lastKnownFileType = sourcecode.swift; path = PresentationTexts.swift; sourceTree = "<group>"; };
		0DF4DB0925AA05A90076D0EB /* UICodeView.swift */ = {isa = PBXFileReference; lastKnownFileType = sourcecode.swift; path = UICodeView.swift; sourceTree = "<group>"; };
		0DF4DB1325AA2D4E0076D0EB /* UICodeTableViewCell.swift */ = {isa = PBXFileReference; lastKnownFileType = sourcecode.swift; path = UICodeTableViewCell.swift; sourceTree = "<group>"; };
		0DF4DC3425AA4DE80076D0EB /* UITableView+Extension.swift */ = {isa = PBXFileReference; lastKnownFileType = sourcecode.swift; path = "UITableView+Extension.swift"; sourceTree = "<group>"; };
		133858936F2E416F5C84FBF1 /* Pods_Presentation.framework */ = {isa = PBXFileReference; explicitFileType = wrapper.framework; includeInIndex = 0; path = Pods_Presentation.framework; sourceTree = BUILT_PRODUCTS_DIR; };
		31C43CCF8A0AD1C329C3FD44 /* Pods-Presentation-PresentationTests.release.xcconfig */ = {isa = PBXFileReference; includeInIndex = 1; lastKnownFileType = text.xcconfig; name = "Pods-Presentation-PresentationTests.release.xcconfig"; path = "Target Support Files/Pods-Presentation-PresentationTests/Pods-Presentation-PresentationTests.release.xcconfig"; sourceTree = "<group>"; };
		387A42608BA0AD86508AE8DC /* Pods_Presentation_PresentationTests.framework */ = {isa = PBXFileReference; explicitFileType = wrapper.framework; includeInIndex = 0; path = Pods_Presentation_PresentationTests.framework; sourceTree = BUILT_PRODUCTS_DIR; };
		5AC233E70DC76DE37AA0B999 /* Pods-Presentation.release.xcconfig */ = {isa = PBXFileReference; includeInIndex = 1; lastKnownFileType = text.xcconfig; name = "Pods-Presentation.release.xcconfig"; path = "Target Support Files/Pods-Presentation/Pods-Presentation.release.xcconfig"; sourceTree = "<group>"; };
		A5A49145448D8FE1550A1CA8 /* Pods-Presentation-PresentationTests.debug.xcconfig */ = {isa = PBXFileReference; includeInIndex = 1; lastKnownFileType = text.xcconfig; name = "Pods-Presentation-PresentationTests.debug.xcconfig"; path = "Target Support Files/Pods-Presentation-PresentationTests/Pods-Presentation-PresentationTests.debug.xcconfig"; sourceTree = "<group>"; };
/* End PBXFileReference section */

/* Begin PBXFrameworksBuildPhase section */
		0DF4092B25A74EB10005609F /* Frameworks */ = {
			isa = PBXFrameworksBuildPhase;
			buildActionMask = 2147483647;
			files = (
				0DF4094C25A74ECD0005609F /* Common.framework in Frameworks */,
				7A1B01834214BD5F1243DF56 /* Pods_Presentation.framework in Frameworks */,
			);
			runOnlyForDeploymentPostprocessing = 0;
		};
		0DF4093425A74EB10005609F /* Frameworks */ = {
			isa = PBXFrameworksBuildPhase;
			buildActionMask = 2147483647;
			files = (
				0DF4093825A74EB10005609F /* Presentation.framework in Frameworks */,
				B51678155F4DE5FBBE60F88A /* Pods_Presentation_PresentationTests.framework in Frameworks */,
			);
			runOnlyForDeploymentPostprocessing = 0;
		};
/* End PBXFrameworksBuildPhase section */

/* Begin PBXGroup section */
		0DE0B58125C5DEB300ADF4C7 /* SFProDisplay */ = {
			isa = PBXGroup;
			children = (
				0DE0B58225C5DED800ADF4C7 /* SFProDisplay.swift */,
				0DE0B58625C5DF8900ADF4C7 /* SFProDisplay-Regular.otf */,
				0DE0B58725C5DF8900ADF4C7 /* SFProDisplay-Semibold.otf */,
				0DE0B58825C5DF8900ADF4C7 /* SFProDisplay-Light.otf */,
				0DE0B57D25C5DD8A00ADF4C7 /* SFProDisplay-Thin.otf */,
			);
			path = SFProDisplay;
			sourceTree = "<group>";
		};
		0DE0B59925C6298C00ADF4C7 /* Foundation */ = {
			isa = PBXGroup;
			children = (
				0DE0B59A25C6299A00ADF4C7 /* String+Extension.swift */,
			);
			path = Foundation;
			sourceTree = "<group>";
		};
		0DF4092425A74EB10005609F = {
			isa = PBXGroup;
			children = (
				0DF4093025A74EB10005609F /* Presentation */,
				0DF4093B25A74EB10005609F /* PresentationTests */,
				0DF4092F25A74EB10005609F /* Products */,
				0DF4094A25A74ECD0005609F /* Frameworks */,
				8A1EBB5EA19EA7475146B449 /* Pods */,
			);
			sourceTree = "<group>";
		};
		0DF4092F25A74EB10005609F /* Products */ = {
			isa = PBXGroup;
			children = (
				0DF4092E25A74EB10005609F /* Presentation.framework */,
				0DF4093725A74EB10005609F /* PresentationTests.xctest */,
			);
			name = Products;
			sourceTree = "<group>";
		};
		0DF4093025A74EB10005609F /* Presentation */ = {
			isa = PBXGroup;
			children = (
				0DF40ADA25A7A8C10005609F /* Assets */,
				0DF40AFF25A7A9400005609F /* Colors */,
				0DF40B0625A7AD7C0005609F /* Fonts */,
				0DF40B2325A7AE7E0005609F /* Extensions */,
				0DF40B2D25A7AE7E0005609F /* LocalizedString */,
				0DF40B2125A7AE7E0005609F /* UIKit */,
				0DF40B1F25A7AE7E0005609F /* Utils */,
				0DF4093125A74EB10005609F /* Presentation.h */,
				0DF4093225A74EB10005609F /* Info.plist */,
			);
			path = Presentation;
			sourceTree = "<group>";
		};
		0DF4093B25A74EB10005609F /* PresentationTests */ = {
			isa = PBXGroup;
			children = (
				0DF4093C25A74EB10005609F /* PresentationTests.swift */,
				0DF4093E25A74EB10005609F /* Info.plist */,
			);
			path = PresentationTests;
			sourceTree = "<group>";
		};
		0DF4094A25A74ECD0005609F /* Frameworks */ = {
			isa = PBXGroup;
			children = (
				0DF4094B25A74ECD0005609F /* Common.framework */,
				133858936F2E416F5C84FBF1 /* Pods_Presentation.framework */,
				387A42608BA0AD86508AE8DC /* Pods_Presentation_PresentationTests.framework */,
			);
			name = Frameworks;
			sourceTree = "<group>";
		};
		0DF40ADA25A7A8C10005609F /* Assets */ = {
			isa = PBXGroup;
			children = (
				0DF40AF925A7A8E40005609F /* Assets.swift */,
				0DF40ADB25A7A8D80005609F /* PresentationAssets.xcassets */,
			);
			path = Assets;
			sourceTree = "<group>";
		};
		0DF40AFF25A7A9400005609F /* Colors */ = {
			isa = PBXGroup;
			children = (
				0DF40B0025A7A94E0005609F /* Colors.swift */,
			);
			path = Colors;
			sourceTree = "<group>";
		};
		0DF40B0625A7AD7C0005609F /* Fonts */ = {
			isa = PBXGroup;
			children = (
				0DF40B0725A7AD910005609F /* Font.swift */,
				0DF40B0B25A7ADFB0005609F /* NewYorkLarge */,
				0DE0B58125C5DEB300ADF4C7 /* SFProDisplay */,
				0DF40B0F25A7ADFB0005609F /* SFProText */,
			);
			path = Fonts;
			sourceTree = "<group>";
		};
		0DF40B0B25A7ADFB0005609F /* NewYorkLarge */ = {
			isa = PBXGroup;
			children = (
				0DF40B0C25A7ADFB0005609F /* NewYorkLarge.swift */,
				0DF40B0D25A7ADFB0005609F /* NewYorkLarge-Regular.otf */,
				0DF40B0E25A7ADFB0005609F /* NewYorkLarge-Semibold.otf */,
			);
			path = NewYorkLarge;
			sourceTree = "<group>";
		};
		0DF40B0F25A7ADFB0005609F /* SFProText */ = {
			isa = PBXGroup;
			children = (
				0DF40B1325A7ADFB0005609F /* SFProText.swift */,
				0DF40B1025A7ADFB0005609F /* SFProText-Regular.otf */,
				0DF40B1225A7ADFB0005609F /* SFProText-Semibold.otf */,
			);
			path = SFProText;
			sourceTree = "<group>";
		};
		0DF40B1F25A7AE7E0005609F /* Utils */ = {
			isa = PBXGroup;
			children = (
				0DF40B2025A7AE7E0005609F /* Box.swift */,
			);
			path = Utils;
			sourceTree = "<group>";
		};
		0DF40B2125A7AE7E0005609F /* UIKit */ = {
			isa = PBXGroup;
			children = (
				0DF40B2225A7AE7E0005609F /* UIDecimalField.swift */,
				0DF4DB0925AA05A90076D0EB /* UICodeView.swift */,
				0DF4DB1325AA2D4E0076D0EB /* UICodeTableViewCell.swift */,
			);
			path = UIKit;
			sourceTree = "<group>";
		};
		0DF40B2325A7AE7E0005609F /* Extensions */ = {
			isa = PBXGroup;
			children = (
				0DE0B59925C6298C00ADF4C7 /* Foundation */,
				0DF40B2425A7AE7E0005609F /* UIKit */,
			);
			path = Extensions;
			sourceTree = "<group>";
		};
		0DF40B2425A7AE7E0005609F /* UIKit */ = {
			isa = PBXGroup;
			children = (
				0DF40B2625A7AE7E0005609F /* UIFont+Extension.swift */,
				0DF40B2725A7AE7E0005609F /* UIColor+Extension.swift */,
				0DF40B2825A7AE7E0005609F /* UIView+Extension.swift */,
				0DF40B2925A7AE7E0005609F /* UINavigationController+Extension.swift */,
				0DF40B2525A7AE7E0005609F /* UIAlertController+Extension.swift */,
				0DF40B2A25A7AE7E0005609F /* UIViewController+Extension.swift */,
				0DF4DC3425AA4DE80076D0EB /* UITableView+Extension.swift */,
			);
			path = UIKit;
			sourceTree = "<group>";
		};
		0DF40B2D25A7AE7E0005609F /* LocalizedString */ = {
			isa = PBXGroup;
			children = (
				0DF40B2E25A7AE7E0005609F /* Localizable.strings */,
				0DF40B3025A7AE7E0005609F /* LocalizedString.swift */,
				0DF40B4025A7B1800005609F /* PresentationTexts.swift */,
			);
			path = LocalizedString;
			sourceTree = "<group>";
		};
		8A1EBB5EA19EA7475146B449 /* Pods */ = {
			isa = PBXGroup;
			children = (
				0997657ACCDD93A2F9F25B44 /* Pods-Presentation.debug.xcconfig */,
				5AC233E70DC76DE37AA0B999 /* Pods-Presentation.release.xcconfig */,
				A5A49145448D8FE1550A1CA8 /* Pods-Presentation-PresentationTests.debug.xcconfig */,
				31C43CCF8A0AD1C329C3FD44 /* Pods-Presentation-PresentationTests.release.xcconfig */,
			);
			name = Pods;
			path = ../Pods;
			sourceTree = "<group>";
		};
/* End PBXGroup section */

/* Begin PBXHeadersBuildPhase section */
		0DF4092925A74EB10005609F /* Headers */ = {
			isa = PBXHeadersBuildPhase;
			buildActionMask = 2147483647;
			files = (
				0DF4093F25A74EB10005609F /* Presentation.h in Headers */,
			);
			runOnlyForDeploymentPostprocessing = 0;
		};
/* End PBXHeadersBuildPhase section */

/* Begin PBXNativeTarget section */
		0DF4092D25A74EB10005609F /* Presentation */ = {
			isa = PBXNativeTarget;
			buildConfigurationList = 0DF4094225A74EB10005609F /* Build configuration list for PBXNativeTarget "Presentation" */;
			buildPhases = (
				BA09E2AF2209D0F10582D779 /* [CP] Check Pods Manifest.lock */,
				0DF4092925A74EB10005609F /* Headers */,
				0DF4092A25A74EB10005609F /* Sources */,
				0DF4092B25A74EB10005609F /* Frameworks */,
				0DF4092C25A74EB10005609F /* Resources */,
			);
			buildRules = (
			);
			dependencies = (
			);
			name = Presentation;
			productName = Presentation;
			productReference = 0DF4092E25A74EB10005609F /* Presentation.framework */;
			productType = "com.apple.product-type.framework";
		};
		0DF4093625A74EB10005609F /* PresentationTests */ = {
			isa = PBXNativeTarget;
			buildConfigurationList = 0DF4094525A74EB10005609F /* Build configuration list for PBXNativeTarget "PresentationTests" */;
			buildPhases = (
				7779574B79F5AB40F3DCBA79 /* [CP] Check Pods Manifest.lock */,
				0DF4093325A74EB10005609F /* Sources */,
				0DF4093425A74EB10005609F /* Frameworks */,
				0DF4093525A74EB10005609F /* Resources */,
				ED1ACD5BE208BC34DE7A33F1 /* [CP] Embed Pods Frameworks */,
			);
			buildRules = (
			);
			dependencies = (
				0DF4093A25A74EB10005609F /* PBXTargetDependency */,
			);
			name = PresentationTests;
			productName = PresentationTests;
			productReference = 0DF4093725A74EB10005609F /* PresentationTests.xctest */;
			productType = "com.apple.product-type.bundle.unit-test";
		};
/* End PBXNativeTarget section */

/* Begin PBXProject section */
		0DF4092525A74EB10005609F /* Project object */ = {
			isa = PBXProject;
			attributes = {
				LastSwiftUpdateCheck = 1230;
				LastUpgradeCheck = 1240;
				TargetAttributes = {
					0DF4092D25A74EB10005609F = {
						CreatedOnToolsVersion = 12.3;
						LastSwiftMigration = 1230;
					};
					0DF4093625A74EB10005609F = {
						CreatedOnToolsVersion = 12.3;
					};
				};
			};
			buildConfigurationList = 0DF4092825A74EB10005609F /* Build configuration list for PBXProject "Presentation" */;
			compatibilityVersion = "Xcode 9.3";
			developmentRegion = en;
			hasScannedForEncodings = 0;
			knownRegions = (
				en,
				Base,
				"pt-BR",
			);
			mainGroup = 0DF4092425A74EB10005609F;
			productRefGroup = 0DF4092F25A74EB10005609F /* Products */;
			projectDirPath = "";
			projectRoot = "";
			targets = (
				0DF4092D25A74EB10005609F /* Presentation */,
				0DF4093625A74EB10005609F /* PresentationTests */,
			);
		};
/* End PBXProject section */

/* Begin PBXResourcesBuildPhase section */
		0DF4092C25A74EB10005609F /* Resources */ = {
			isa = PBXResourcesBuildPhase;
			buildActionMask = 2147483647;
			files = (
				0DE0B57E25C5DD8A00ADF4C7 /* SFProDisplay-Thin.otf in Resources */,
				0DF40B1525A7ADFB0005609F /* NewYorkLarge-Regular.otf in Resources */,
				0DE0B58A25C5DF8900ADF4C7 /* SFProDisplay-Semibold.otf in Resources */,
				0DF40B1625A7ADFB0005609F /* NewYorkLarge-Semibold.otf in Resources */,
				0DF40B1725A7ADFB0005609F /* SFProText-Regular.otf in Resources */,
				0DF40B3C25A7AE7E0005609F /* Localizable.strings in Resources */,
				0DF40ADC25A7A8D80005609F /* PresentationAssets.xcassets in Resources */,
				0DE0B58B25C5DF8900ADF4C7 /* SFProDisplay-Light.otf in Resources */,
				0DF40B1925A7ADFB0005609F /* SFProText-Semibold.otf in Resources */,
				0DE0B58925C5DF8900ADF4C7 /* SFProDisplay-Regular.otf in Resources */,
			);
			runOnlyForDeploymentPostprocessing = 0;
		};
		0DF4093525A74EB10005609F /* Resources */ = {
			isa = PBXResourcesBuildPhase;
			buildActionMask = 2147483647;
			files = (
			);
			runOnlyForDeploymentPostprocessing = 0;
		};
/* End PBXResourcesBuildPhase section */

/* Begin PBXShellScriptBuildPhase section */
		7779574B79F5AB40F3DCBA79 /* [CP] Check Pods Manifest.lock */ = {
			isa = PBXShellScriptBuildPhase;
			buildActionMask = 2147483647;
			files = (
			);
			inputFileListPaths = (
			);
			inputPaths = (
				"${PODS_PODFILE_DIR_PATH}/Podfile.lock",
				"${PODS_ROOT}/Manifest.lock",
			);
			name = "[CP] Check Pods Manifest.lock";
			outputFileListPaths = (
			);
			outputPaths = (
				"$(DERIVED_FILE_DIR)/Pods-Presentation-PresentationTests-checkManifestLockResult.txt",
			);
			runOnlyForDeploymentPostprocessing = 0;
			shellPath = /bin/sh;
			shellScript = "diff \"${PODS_PODFILE_DIR_PATH}/Podfile.lock\" \"${PODS_ROOT}/Manifest.lock\" > /dev/null\nif [ $? != 0 ] ; then\n    # print error to STDERR\n    echo \"error: The sandbox is not in sync with the Podfile.lock. Run 'pod install' or update your CocoaPods installation.\" >&2\n    exit 1\nfi\n# This output is used by Xcode 'outputs' to avoid re-running this script phase.\necho \"SUCCESS\" > \"${SCRIPT_OUTPUT_FILE_0}\"\n";
			showEnvVarsInLog = 0;
		};
		BA09E2AF2209D0F10582D779 /* [CP] Check Pods Manifest.lock */ = {
			isa = PBXShellScriptBuildPhase;
			buildActionMask = 2147483647;
			files = (
			);
			inputFileListPaths = (
			);
			inputPaths = (
				"${PODS_PODFILE_DIR_PATH}/Podfile.lock",
				"${PODS_ROOT}/Manifest.lock",
			);
			name = "[CP] Check Pods Manifest.lock";
			outputFileListPaths = (
			);
			outputPaths = (
				"$(DERIVED_FILE_DIR)/Pods-Presentation-checkManifestLockResult.txt",
			);
			runOnlyForDeploymentPostprocessing = 0;
			shellPath = /bin/sh;
			shellScript = "diff \"${PODS_PODFILE_DIR_PATH}/Podfile.lock\" \"${PODS_ROOT}/Manifest.lock\" > /dev/null\nif [ $? != 0 ] ; then\n    # print error to STDERR\n    echo \"error: The sandbox is not in sync with the Podfile.lock. Run 'pod install' or update your CocoaPods installation.\" >&2\n    exit 1\nfi\n# This output is used by Xcode 'outputs' to avoid re-running this script phase.\necho \"SUCCESS\" > \"${SCRIPT_OUTPUT_FILE_0}\"\n";
			showEnvVarsInLog = 0;
		};
		ED1ACD5BE208BC34DE7A33F1 /* [CP] Embed Pods Frameworks */ = {
			isa = PBXShellScriptBuildPhase;
			buildActionMask = 2147483647;
			files = (
			);
			inputFileListPaths = (
				"${PODS_ROOT}/Target Support Files/Pods-Presentation-PresentationTests/Pods-Presentation-PresentationTests-frameworks-${CONFIGURATION}-input-files.xcfilelist",
			);
			name = "[CP] Embed Pods Frameworks";
			outputFileListPaths = (
				"${PODS_ROOT}/Target Support Files/Pods-Presentation-PresentationTests/Pods-Presentation-PresentationTests-frameworks-${CONFIGURATION}-output-files.xcfilelist",
			);
			runOnlyForDeploymentPostprocessing = 0;
			shellPath = /bin/sh;
			shellScript = "\"${PODS_ROOT}/Target Support Files/Pods-Presentation-PresentationTests/Pods-Presentation-PresentationTests-frameworks.sh\"\n";
			showEnvVarsInLog = 0;
		};
/* End PBXShellScriptBuildPhase section */

/* Begin PBXSourcesBuildPhase section */
		0DF4092A25A74EB10005609F /* Sources */ = {
			isa = PBXSourcesBuildPhase;
			buildActionMask = 2147483647;
			files = (
				0DF40B3725A7AE7E0005609F /* UIView+Extension.swift in Sources */,
				0DF40B3925A7AE7E0005609F /* UIViewController+Extension.swift in Sources */,
				0DF40AFA25A7A8E40005609F /* Assets.swift in Sources */,
				0DF40B3325A7AE7E0005609F /* UIDecimalField.swift in Sources */,
				0DF40B4125A7B1800005609F /* PresentationTexts.swift in Sources */,
				0DF40B3425A7AE7E0005609F /* UIAlertController+Extension.swift in Sources */,
				0DF40B1A25A7ADFB0005609F /* SFProText.swift in Sources */,
				0DF40B0125A7A94E0005609F /* Colors.swift in Sources */,
				0DE0B59B25C6299A00ADF4C7 /* String+Extension.swift in Sources */,
				0DF40B3225A7AE7E0005609F /* Box.swift in Sources */,
				0DF40B3525A7AE7E0005609F /* UIFont+Extension.swift in Sources */,
				0DF40B0825A7AD910005609F /* Font.swift in Sources */,
				0DF4DC3525AA4DE80076D0EB /* UITableView+Extension.swift in Sources */,
				0DE0B58325C5DED800ADF4C7 /* SFProDisplay.swift in Sources */,
				0DF40B1425A7ADFB0005609F /* NewYorkLarge.swift in Sources */,
				0DF40B3625A7AE7E0005609F /* UIColor+Extension.swift in Sources */,
				0DF40B3D25A7AE7E0005609F /* LocalizedString.swift in Sources */,
				0DF4DB1425AA2D4E0076D0EB /* UICodeTableViewCell.swift in Sources */,
				0DF40B3825A7AE7E0005609F /* UINavigationController+Extension.swift in Sources */,
				0DF4DB0A25AA05A90076D0EB /* UICodeView.swift in Sources */,
			);
			runOnlyForDeploymentPostprocessing = 0;
		};
		0DF4093325A74EB10005609F /* Sources */ = {
			isa = PBXSourcesBuildPhase;
			buildActionMask = 2147483647;
			files = (
				0DF4093D25A74EB10005609F /* PresentationTests.swift in Sources */,
			);
			runOnlyForDeploymentPostprocessing = 0;
		};
/* End PBXSourcesBuildPhase section */

/* Begin PBXTargetDependency section */
		0DF4093A25A74EB10005609F /* PBXTargetDependency */ = {
			isa = PBXTargetDependency;
			target = 0DF4092D25A74EB10005609F /* Presentation */;
			targetProxy = 0DF4093925A74EB10005609F /* PBXContainerItemProxy */;
		};
/* End PBXTargetDependency section */

/* Begin PBXVariantGroup section */
		0DF40B2E25A7AE7E0005609F /* Localizable.strings */ = {
			isa = PBXVariantGroup;
			children = (
				0DF40B2F25A7AE7E0005609F /* en */,
				0DF40B3125A7AE7E0005609F /* pt-BR */,
			);
			name = Localizable.strings;
			sourceTree = "<group>";
		};
/* End PBXVariantGroup section */

/* Begin XCBuildConfiguration section */
		0DF4094025A74EB10005609F /* Debug */ = {
			isa = XCBuildConfiguration;
			buildSettings = {
				ALWAYS_SEARCH_USER_PATHS = NO;
				CLANG_ANALYZER_LOCALIZABILITY_NONLOCALIZED = YES;
				CLANG_ANALYZER_NONNULL = YES;
				CLANG_ANALYZER_NUMBER_OBJECT_CONVERSION = YES_AGGRESSIVE;
				CLANG_CXX_LANGUAGE_STANDARD = "gnu++14";
				CLANG_CXX_LIBRARY = "libc++";
				CLANG_ENABLE_MODULES = YES;
				CLANG_ENABLE_OBJC_ARC = YES;
				CLANG_ENABLE_OBJC_WEAK = YES;
				CLANG_WARN_BLOCK_CAPTURE_AUTORELEASING = YES;
				CLANG_WARN_BOOL_CONVERSION = YES;
				CLANG_WARN_COMMA = YES;
				CLANG_WARN_CONSTANT_CONVERSION = YES;
				CLANG_WARN_DEPRECATED_OBJC_IMPLEMENTATIONS = YES;
				CLANG_WARN_DIRECT_OBJC_ISA_USAGE = YES_ERROR;
				CLANG_WARN_DOCUMENTATION_COMMENTS = YES;
				CLANG_WARN_EMPTY_BODY = YES;
				CLANG_WARN_ENUM_CONVERSION = YES;
				CLANG_WARN_INFINITE_RECURSION = YES;
				CLANG_WARN_INT_CONVERSION = YES;
				CLANG_WARN_NON_LITERAL_NULL_CONVERSION = YES;
				CLANG_WARN_OBJC_IMPLICIT_RETAIN_SELF = YES;
				CLANG_WARN_OBJC_LITERAL_CONVERSION = YES;
				CLANG_WARN_OBJC_ROOT_CLASS = YES_ERROR;
				CLANG_WARN_QUOTED_INCLUDE_IN_FRAMEWORK_HEADER = YES;
				CLANG_WARN_RANGE_LOOP_ANALYSIS = YES;
				CLANG_WARN_STRICT_PROTOTYPES = YES;
				CLANG_WARN_SUSPICIOUS_MOVE = YES;
				CLANG_WARN_UNGUARDED_AVAILABILITY = YES_AGGRESSIVE;
				CLANG_WARN_UNREACHABLE_CODE = YES;
				CLANG_WARN__DUPLICATE_METHOD_MATCH = YES;
				COPY_PHASE_STRIP = NO;
				CURRENT_PROJECT_VERSION = 1;
				DEBUG_INFORMATION_FORMAT = dwarf;
				ENABLE_STRICT_OBJC_MSGSEND = YES;
				ENABLE_TESTABILITY = YES;
				GCC_C_LANGUAGE_STANDARD = gnu11;
				GCC_DYNAMIC_NO_PIC = NO;
				GCC_NO_COMMON_BLOCKS = YES;
				GCC_OPTIMIZATION_LEVEL = 0;
				GCC_PREPROCESSOR_DEFINITIONS = (
					"DEBUG=1",
					"$(inherited)",
				);
				GCC_WARN_64_TO_32_BIT_CONVERSION = YES;
				GCC_WARN_ABOUT_RETURN_TYPE = YES_ERROR;
				GCC_WARN_UNDECLARED_SELECTOR = YES;
				GCC_WARN_UNINITIALIZED_AUTOS = YES_AGGRESSIVE;
				GCC_WARN_UNUSED_FUNCTION = YES;
				GCC_WARN_UNUSED_VARIABLE = YES;
				IPHONEOS_DEPLOYMENT_TARGET = 14.3;
				MTL_ENABLE_DEBUG_INFO = INCLUDE_SOURCE;
				MTL_FAST_MATH = YES;
				ONLY_ACTIVE_ARCH = YES;
				SDKROOT = iphoneos;
				SWIFT_ACTIVE_COMPILATION_CONDITIONS = DEBUG;
				SWIFT_OPTIMIZATION_LEVEL = "-Onone";
				VERSIONING_SYSTEM = "apple-generic";
				VERSION_INFO_PREFIX = "";
			};
			name = Debug;
		};
		0DF4094125A74EB10005609F /* Release */ = {
			isa = XCBuildConfiguration;
			buildSettings = {
				ALWAYS_SEARCH_USER_PATHS = NO;
				CLANG_ANALYZER_LOCALIZABILITY_NONLOCALIZED = YES;
				CLANG_ANALYZER_NONNULL = YES;
				CLANG_ANALYZER_NUMBER_OBJECT_CONVERSION = YES_AGGRESSIVE;
				CLANG_CXX_LANGUAGE_STANDARD = "gnu++14";
				CLANG_CXX_LIBRARY = "libc++";
				CLANG_ENABLE_MODULES = YES;
				CLANG_ENABLE_OBJC_ARC = YES;
				CLANG_ENABLE_OBJC_WEAK = YES;
				CLANG_WARN_BLOCK_CAPTURE_AUTORELEASING = YES;
				CLANG_WARN_BOOL_CONVERSION = YES;
				CLANG_WARN_COMMA = YES;
				CLANG_WARN_CONSTANT_CONVERSION = YES;
				CLANG_WARN_DEPRECATED_OBJC_IMPLEMENTATIONS = YES;
				CLANG_WARN_DIRECT_OBJC_ISA_USAGE = YES_ERROR;
				CLANG_WARN_DOCUMENTATION_COMMENTS = YES;
				CLANG_WARN_EMPTY_BODY = YES;
				CLANG_WARN_ENUM_CONVERSION = YES;
				CLANG_WARN_INFINITE_RECURSION = YES;
				CLANG_WARN_INT_CONVERSION = YES;
				CLANG_WARN_NON_LITERAL_NULL_CONVERSION = YES;
				CLANG_WARN_OBJC_IMPLICIT_RETAIN_SELF = YES;
				CLANG_WARN_OBJC_LITERAL_CONVERSION = YES;
				CLANG_WARN_OBJC_ROOT_CLASS = YES_ERROR;
				CLANG_WARN_QUOTED_INCLUDE_IN_FRAMEWORK_HEADER = YES;
				CLANG_WARN_RANGE_LOOP_ANALYSIS = YES;
				CLANG_WARN_STRICT_PROTOTYPES = YES;
				CLANG_WARN_SUSPICIOUS_MOVE = YES;
				CLANG_WARN_UNGUARDED_AVAILABILITY = YES_AGGRESSIVE;
				CLANG_WARN_UNREACHABLE_CODE = YES;
				CLANG_WARN__DUPLICATE_METHOD_MATCH = YES;
				COPY_PHASE_STRIP = NO;
				CURRENT_PROJECT_VERSION = 1;
				DEBUG_INFORMATION_FORMAT = "dwarf-with-dsym";
				ENABLE_NS_ASSERTIONS = NO;
				ENABLE_STRICT_OBJC_MSGSEND = YES;
				GCC_C_LANGUAGE_STANDARD = gnu11;
				GCC_NO_COMMON_BLOCKS = YES;
				GCC_WARN_64_TO_32_BIT_CONVERSION = YES;
				GCC_WARN_ABOUT_RETURN_TYPE = YES_ERROR;
				GCC_WARN_UNDECLARED_SELECTOR = YES;
				GCC_WARN_UNINITIALIZED_AUTOS = YES_AGGRESSIVE;
				GCC_WARN_UNUSED_FUNCTION = YES;
				GCC_WARN_UNUSED_VARIABLE = YES;
				IPHONEOS_DEPLOYMENT_TARGET = 14.3;
				MTL_ENABLE_DEBUG_INFO = NO;
				MTL_FAST_MATH = YES;
				SDKROOT = iphoneos;
				SWIFT_COMPILATION_MODE = wholemodule;
				SWIFT_OPTIMIZATION_LEVEL = "-O";
				VALIDATE_PRODUCT = YES;
				VERSIONING_SYSTEM = "apple-generic";
				VERSION_INFO_PREFIX = "";
			};
			name = Release;
		};
		0DF4094325A74EB10005609F /* Debug */ = {
			isa = XCBuildConfiguration;
			baseConfigurationReference = 0997657ACCDD93A2F9F25B44 /* Pods-Presentation.debug.xcconfig */;
			buildSettings = {
				CLANG_ENABLE_MODULES = YES;
				CODE_SIGN_STYLE = Automatic;
				DEFINES_MODULE = YES;
				DEVELOPMENT_TEAM = P38KT438VN;
				DYLIB_COMPATIBILITY_VERSION = 1;
				DYLIB_CURRENT_VERSION = 1;
				DYLIB_INSTALL_NAME_BASE = "@rpath";
				INFOPLIST_FILE = Presentation/Info.plist;
				INSTALL_PATH = "$(LOCAL_LIBRARY_DIR)/Frameworks";
				IPHONEOS_DEPLOYMENT_TARGET = 12.0;
				LD_RUNPATH_SEARCH_PATHS = (
					"$(inherited)",
					"@executable_path/Frameworks",
					"@loader_path/Frameworks",
				);
				PRODUCT_BUNDLE_IDENTIFIER = com.jezreelbarbosa.grocerylist.Presentation;
				PRODUCT_NAME = "$(TARGET_NAME:c99extidentifier)";
				SKIP_INSTALL = YES;
				SWIFT_OPTIMIZATION_LEVEL = "-Onone";
				SWIFT_VERSION = 5.0;
				TARGETED_DEVICE_FAMILY = "1,2";
			};
			name = Debug;
		};
		0DF4094425A74EB10005609F /* Release */ = {
			isa = XCBuildConfiguration;
			baseConfigurationReference = 5AC233E70DC76DE37AA0B999 /* Pods-Presentation.release.xcconfig */;
			buildSettings = {
				CLANG_ENABLE_MODULES = YES;
				CODE_SIGN_STYLE = Automatic;
				DEFINES_MODULE = YES;
				DEVELOPMENT_TEAM = P38KT438VN;
				DYLIB_COMPATIBILITY_VERSION = 1;
				DYLIB_CURRENT_VERSION = 1;
				DYLIB_INSTALL_NAME_BASE = "@rpath";
				INFOPLIST_FILE = Presentation/Info.plist;
				INSTALL_PATH = "$(LOCAL_LIBRARY_DIR)/Frameworks";
				IPHONEOS_DEPLOYMENT_TARGET = 12.0;
				LD_RUNPATH_SEARCH_PATHS = (
					"$(inherited)",
					"@executable_path/Frameworks",
					"@loader_path/Frameworks",
				);
				PRODUCT_BUNDLE_IDENTIFIER = com.jezreelbarbosa.grocerylist.Presentation;
				PRODUCT_NAME = "$(TARGET_NAME:c99extidentifier)";
				SKIP_INSTALL = YES;
				SWIFT_VERSION = 5.0;
				TARGETED_DEVICE_FAMILY = "1,2";
			};
			name = Release;
		};
		0DF4094625A74EB10005609F /* Debug */ = {
			isa = XCBuildConfiguration;
			baseConfigurationReference = A5A49145448D8FE1550A1CA8 /* Pods-Presentation-PresentationTests.debug.xcconfig */;
			buildSettings = {
				CODE_SIGN_STYLE = Automatic;
				DEVELOPMENT_TEAM = P38KT438VN;
				INFOPLIST_FILE = PresentationTests/Info.plist;
				LD_RUNPATH_SEARCH_PATHS = (
					"$(inherited)",
					"@executable_path/Frameworks",
					"@loader_path/Frameworks",
				);
				PRODUCT_BUNDLE_IDENTIFIER = com.jezreelbarbosa.grocerylist.PresentationTests;
				PRODUCT_NAME = "$(TARGET_NAME)";
				SWIFT_VERSION = 5.0;
				TARGETED_DEVICE_FAMILY = "1,2";
			};
			name = Debug;
		};
		0DF4094725A74EB10005609F /* Release */ = {
			isa = XCBuildConfiguration;
			baseConfigurationReference = 31C43CCF8A0AD1C329C3FD44 /* Pods-Presentation-PresentationTests.release.xcconfig */;
			buildSettings = {
				CODE_SIGN_STYLE = Automatic;
				DEVELOPMENT_TEAM = XCSQ883CT6;
				INFOPLIST_FILE = PresentationTests/Info.plist;
				LD_RUNPATH_SEARCH_PATHS = (
					"$(inherited)",
					"@executable_path/Frameworks",
					"@loader_path/Frameworks",
				);
				PRODUCT_BUNDLE_IDENTIFIER = com.jezreelbarbosa.grocerylist.PresentationTests;
				PRODUCT_NAME = "$(TARGET_NAME)";
				SWIFT_VERSION = 5.0;
				TARGETED_DEVICE_FAMILY = "1,2";
			};
			name = Release;
		};
/* End XCBuildConfiguration section */

/* Begin XCConfigurationList section */
		0DF4092825A74EB10005609F /* Build configuration list for PBXProject "Presentation" */ = {
			isa = XCConfigurationList;
			buildConfigurations = (
				0DF4094025A74EB10005609F /* Debug */,
				0DF4094125A74EB10005609F /* Release */,
			);
			defaultConfigurationIsVisible = 0;
			defaultConfigurationName = Release;
		};
		0DF4094225A74EB10005609F /* Build configuration list for PBXNativeTarget "Presentation" */ = {
			isa = XCConfigurationList;
			buildConfigurations = (
				0DF4094325A74EB10005609F /* Debug */,
				0DF4094425A74EB10005609F /* Release */,
			);
			defaultConfigurationIsVisible = 0;
			defaultConfigurationName = Release;
		};
		0DF4094525A74EB10005609F /* Build configuration list for PBXNativeTarget "PresentationTests" */ = {
			isa = XCConfigurationList;
			buildConfigurations = (
				0DF4094625A74EB10005609F /* Debug */,
				0DF4094725A74EB10005609F /* Release */,
			);
			defaultConfigurationIsVisible = 0;
			defaultConfigurationName = Release;
		};
/* End XCConfigurationList section */
	};
	rootObject = 0DF4092525A74EB10005609F /* Project object */;
}
