// !$*UTF8*$!
{
	archiveVersion = 1;
	classes = {
	};
	objectVersion = 52;
	objects = {

/* Begin PBXBuildFile section */
		0D20C0C3241FE46600FCA5B4 /* AppDelegate.swift in Sources */ = {isa = PBXBuildFile; fileRef = 0D20C0C2241FE46600FCA5B4 /* AppDelegate.swift */; };
		0D20C0D2241FE46700FCA5B4 /* LaunchScreen.storyboard in Resources */ = {isa = PBXBuildFile; fileRef = 0D20C0D0241FE46700FCA5B4 /* LaunchScreen.storyboard */; };
		0D22D09325E438FD00E48981 /* GroceryList.framework in Frameworks */ = {isa = PBXBuildFile; fileRef = 0D22D09225E438FD00E48981 /* GroceryList.framework */; };
		0D22D09425E438FD00E48981 /* GroceryList.framework in Embed Frameworks */ = {isa = PBXBuildFile; fileRef = 0D22D09225E438FD00E48981 /* GroceryList.framework */; settings = {ATTRIBUTES = (CodeSignOnCopy, RemoveHeadersOnCopy, ); }; };
		0DE5EA96262DE27500A0990B /* Presentation in Frameworks */ = {isa = PBXBuildFile; productRef = 0DE5EA95262DE27500A0990B /* Presentation */; };
		0DE5EA97262DE27500A0990B /* Presentation in Embed Frameworks */ = {isa = PBXBuildFile; productRef = 0DE5EA95262DE27500A0990B /* Presentation */; settings = {ATTRIBUTES = (CodeSignOnCopy, ); }; };
		0DF4077D25A7460C0005609F /* Common.framework in Frameworks */ = {isa = PBXBuildFile; fileRef = 0DF4077C25A7460C0005609F /* Common.framework */; };
		0DF4077E25A7460C0005609F /* Common.framework in Embed Frameworks */ = {isa = PBXBuildFile; fileRef = 0DF4077C25A7460C0005609F /* Common.framework */; settings = {ATTRIBUTES = (CodeSignOnCopy, RemoveHeadersOnCopy, ); }; };
		0DF4078B25A748900005609F /* GroceryListProjectTests.swift in Sources */ = {isa = PBXBuildFile; fileRef = 0DF4078A25A748900005609F /* GroceryListProjectTests.swift */; };
		0DF4079A25A748D80005609F /* GroceryListProjectUITests.swift in Sources */ = {isa = PBXBuildFile; fileRef = 0DF4079925A748D80005609F /* GroceryListProjectUITests.swift */; };
		0DF407D325A749970005609F /* Networking.framework in Frameworks */ = {isa = PBXBuildFile; fileRef = 0DF407D225A749970005609F /* Networking.framework */; };
		0DF407D425A749970005609F /* Networking.framework in Embed Frameworks */ = {isa = PBXBuildFile; fileRef = 0DF407D225A749970005609F /* Networking.framework */; settings = {ATTRIBUTES = (CodeSignOnCopy, RemoveHeadersOnCopy, ); }; };
		0DF4080725A74AA10005609F /* Storage.framework in Frameworks */ = {isa = PBXBuildFile; fileRef = 0DF4080625A74AA10005609F /* Storage.framework */; };
		0DF4080825A74AA10005609F /* Storage.framework in Embed Frameworks */ = {isa = PBXBuildFile; fileRef = 0DF4080625A74AA10005609F /* Storage.framework */; settings = {ATTRIBUTES = (CodeSignOnCopy, RemoveHeadersOnCopy, ); }; };
		0DF4086125A74BE50005609F /* AppData.framework in Frameworks */ = {isa = PBXBuildFile; fileRef = 0DF4086025A74BE50005609F /* AppData.framework */; };
		0DF4086225A74BE50005609F /* AppData.framework in Embed Frameworks */ = {isa = PBXBuildFile; fileRef = 0DF4086025A74BE50005609F /* AppData.framework */; settings = {ATTRIBUTES = (CodeSignOnCopy, RemoveHeadersOnCopy, ); }; };
		0DF4089C25A74C5D0005609F /* Domain.framework in Frameworks */ = {isa = PBXBuildFile; fileRef = 0DF4089B25A74C5D0005609F /* Domain.framework */; };
		0DF4089D25A74C5D0005609F /* Domain.framework in Embed Frameworks */ = {isa = PBXBuildFile; fileRef = 0DF4089B25A74C5D0005609F /* Domain.framework */; settings = {ATTRIBUTES = (CodeSignOnCopy, RemoveHeadersOnCopy, ); }; };
		0DF408E225A74D790005609F /* DI.framework in Frameworks */ = {isa = PBXBuildFile; fileRef = 0DF408E125A74D790005609F /* DI.framework */; };
		0DF408E325A74D790005609F /* DI.framework in Embed Frameworks */ = {isa = PBXBuildFile; fileRef = 0DF408E125A74D790005609F /* DI.framework */; settings = {ATTRIBUTES = (CodeSignOnCopy, RemoveHeadersOnCopy, ); }; };
		0DF4091625A74E200005609F /* AppNavigation.framework in Frameworks */ = {isa = PBXBuildFile; fileRef = 0DF4091525A74E200005609F /* AppNavigation.framework */; };
		0DF4091725A74E200005609F /* AppNavigation.framework in Embed Frameworks */ = {isa = PBXBuildFile; fileRef = 0DF4091525A74E200005609F /* AppNavigation.framework */; settings = {ATTRIBUTES = (CodeSignOnCopy, RemoveHeadersOnCopy, ); }; };
		0DF4098D25A75DA70005609F /* MainList.framework in Frameworks */ = {isa = PBXBuildFile; fileRef = 0DF4098C25A75DA70005609F /* MainList.framework */; };
		0DF4098E25A75DA70005609F /* MainList.framework in Embed Frameworks */ = {isa = PBXBuildFile; fileRef = 0DF4098C25A75DA70005609F /* MainList.framework */; settings = {ATTRIBUTES = (CodeSignOnCopy, RemoveHeadersOnCopy, ); }; };
		721A1F0FB7F7E0B0062249E1 /* Pods_GroceryListProjectTarget_GroceryListProject.framework in Frameworks */ = {isa = PBXBuildFile; fileRef = BC4071FC4E841F3F707FA76B /* Pods_GroceryListProjectTarget_GroceryListProject.framework */; };
		EE9AA707EB8AF22E89F178FD /* Pods_GroceryListProjectTests.framework in Frameworks */ = {isa = PBXBuildFile; fileRef = 85869F134BA5BBA8F8E03682 /* Pods_GroceryListProjectTests.framework */; };
/* End PBXBuildFile section */

/* Begin PBXContainerItemProxy section */
		0DF4078D25A748900005609F /* PBXContainerItemProxy */ = {
			isa = PBXContainerItemProxy;
			containerPortal = 0D20C0B7241FE46600FCA5B4 /* Project object */;
			proxyType = 1;
			remoteGlobalIDString = 0D20C0BE241FE46600FCA5B4;
			remoteInfo = GroceryListProject;
		};
		0DF4079C25A748D80005609F /* PBXContainerItemProxy */ = {
			isa = PBXContainerItemProxy;
			containerPortal = 0D20C0B7241FE46600FCA5B4 /* Project object */;
			proxyType = 1;
			remoteGlobalIDString = 0D20C0BE241FE46600FCA5B4;
			remoteInfo = GroceryListProject;
		};
/* End PBXContainerItemProxy section */

/* Begin PBXCopyFilesBuildPhase section */
		0DF4077F25A7460D0005609F /* Embed Frameworks */ = {
			isa = PBXCopyFilesBuildPhase;
			buildActionMask = 2147483647;
			dstPath = "";
			dstSubfolderSpec = 10;
			files = (
				0DF4077E25A7460C0005609F /* Common.framework in Embed Frameworks */,
				0DF4089D25A74C5D0005609F /* Domain.framework in Embed Frameworks */,
				0DF4086225A74BE50005609F /* AppData.framework in Embed Frameworks */,
				0DF4080825A74AA10005609F /* Storage.framework in Embed Frameworks */,
				0DF407D425A749970005609F /* Networking.framework in Embed Frameworks */,
				0DF4091725A74E200005609F /* AppNavigation.framework in Embed Frameworks */,
				0DF4098E25A75DA70005609F /* MainList.framework in Embed Frameworks */,
				0D22D09425E438FD00E48981 /* GroceryList.framework in Embed Frameworks */,
				0DE5EA97262DE27500A0990B /* Presentation in Embed Frameworks */,
				0DF408E325A74D790005609F /* DI.framework in Embed Frameworks */,
			);
			name = "Embed Frameworks";
			runOnlyForDeploymentPostprocessing = 0;
		};
/* End PBXCopyFilesBuildPhase section */

/* Begin PBXFileReference section */
		0D20C0BF241FE46600FCA5B4 /* Listinha.app */ = {isa = PBXFileReference; explicitFileType = wrapper.application; includeInIndex = 0; path = Listinha.app; sourceTree = BUILT_PRODUCTS_DIR; };
		0D20C0C2241FE46600FCA5B4 /* AppDelegate.swift */ = {isa = PBXFileReference; lastKnownFileType = sourcecode.swift; path = AppDelegate.swift; sourceTree = "<group>"; };
		0D20C0D1241FE46700FCA5B4 /* Base */ = {isa = PBXFileReference; lastKnownFileType = file.storyboard; name = Base; path = Base.lproj/LaunchScreen.storyboard; sourceTree = "<group>"; };
		0D20C0D3241FE46700FCA5B4 /* Info.plist */ = {isa = PBXFileReference; lastKnownFileType = text.plist.xml; path = Info.plist; sourceTree = "<group>"; };
		0D22D09225E438FD00E48981 /* GroceryList.framework */ = {isa = PBXFileReference; explicitFileType = wrapper.framework; path = GroceryList.framework; sourceTree = BUILT_PRODUCTS_DIR; };
		0D2AD29725EFC48B001B4F49 /* pt-BR */ = {isa = PBXFileReference; lastKnownFileType = text.plist.strings; name = "pt-BR"; path = "pt-BR.lproj/LaunchScreen.strings"; sourceTree = "<group>"; };
		0D9DD8E025D48DB800851531 /* Notification.framework */ = {isa = PBXFileReference; explicitFileType = wrapper.framework; path = Notification.framework; sourceTree = BUILT_PRODUCTS_DIR; };
		0DC102CC25FC0568000AF5A6 /* fr */ = {isa = PBXFileReference; lastKnownFileType = text.plist.strings; name = fr; path = fr.lproj/LaunchScreen.strings; sourceTree = "<group>"; };
		0DE5EA9C262DE28A00A0990B /* Assets.xcassets */ = {isa = PBXFileReference; lastKnownFileType = folder.assetcatalog; path = Assets.xcassets; sourceTree = "<group>"; };
		0DF4077C25A7460C0005609F /* Common.framework */ = {isa = PBXFileReference; explicitFileType = wrapper.framework; path = Common.framework; sourceTree = BUILT_PRODUCTS_DIR; };
		0DF4078825A748900005609F /* GroceryListProjectTests.xctest */ = {isa = PBXFileReference; explicitFileType = wrapper.cfbundle; includeInIndex = 0; path = GroceryListProjectTests.xctest; sourceTree = BUILT_PRODUCTS_DIR; };
		0DF4078A25A748900005609F /* GroceryListProjectTests.swift */ = {isa = PBXFileReference; lastKnownFileType = sourcecode.swift; path = GroceryListProjectTests.swift; sourceTree = "<group>"; };
		0DF4078C25A748900005609F /* Info.plist */ = {isa = PBXFileReference; lastKnownFileType = text.plist.xml; path = Info.plist; sourceTree = "<group>"; };
		0DF4079725A748D80005609F /* GroceryListProjectUITests.xctest */ = {isa = PBXFileReference; explicitFileType = wrapper.cfbundle; includeInIndex = 0; path = GroceryListProjectUITests.xctest; sourceTree = BUILT_PRODUCTS_DIR; };
		0DF4079925A748D80005609F /* GroceryListProjectUITests.swift */ = {isa = PBXFileReference; lastKnownFileType = sourcecode.swift; path = GroceryListProjectUITests.swift; sourceTree = "<group>"; };
		0DF4079B25A748D80005609F /* Info.plist */ = {isa = PBXFileReference; lastKnownFileType = text.plist.xml; path = Info.plist; sourceTree = "<group>"; };
		0DF407D225A749970005609F /* Networking.framework */ = {isa = PBXFileReference; explicitFileType = wrapper.framework; path = Networking.framework; sourceTree = BUILT_PRODUCTS_DIR; };
		0DF4080625A74AA10005609F /* Storage.framework */ = {isa = PBXFileReference; explicitFileType = wrapper.framework; path = Storage.framework; sourceTree = BUILT_PRODUCTS_DIR; };
		0DF4086025A74BE50005609F /* AppData.framework */ = {isa = PBXFileReference; explicitFileType = wrapper.framework; path = AppData.framework; sourceTree = BUILT_PRODUCTS_DIR; };
		0DF4089B25A74C5D0005609F /* Domain.framework */ = {isa = PBXFileReference; explicitFileType = wrapper.framework; path = Domain.framework; sourceTree = BUILT_PRODUCTS_DIR; };
		0DF408E125A74D790005609F /* DI.framework */ = {isa = PBXFileReference; explicitFileType = wrapper.framework; path = DI.framework; sourceTree = BUILT_PRODUCTS_DIR; };
		0DF4091525A74E200005609F /* AppNavigation.framework */ = {isa = PBXFileReference; explicitFileType = wrapper.framework; path = AppNavigation.framework; sourceTree = BUILT_PRODUCTS_DIR; };
		0DF4094F25A74F350005609F /* Presentation.framework */ = {isa = PBXFileReference; explicitFileType = wrapper.framework; path = Presentation.framework; sourceTree = BUILT_PRODUCTS_DIR; };
		0DF4098C25A75DA70005609F /* MainList.framework */ = {isa = PBXFileReference; explicitFileType = wrapper.framework; path = MainList.framework; sourceTree = BUILT_PRODUCTS_DIR; };
		2AA39BE0C3FDE10DEC5D6CD4 /* Pods-GroceryListProjectTarget-GroceryListProject.release.xcconfig */ = {isa = PBXFileReference; includeInIndex = 1; lastKnownFileType = text.xcconfig; name = "Pods-GroceryListProjectTarget-GroceryListProject.release.xcconfig"; path = "Target Support Files/Pods-GroceryListProjectTarget-GroceryListProject/Pods-GroceryListProjectTarget-GroceryListProject.release.xcconfig"; sourceTree = "<group>"; };
		7CCBA280822E7C615D0EA60A /* Pods-GroceryListProjectTests.debug.xcconfig */ = {isa = PBXFileReference; includeInIndex = 1; lastKnownFileType = text.xcconfig; name = "Pods-GroceryListProjectTests.debug.xcconfig"; path = "Target Support Files/Pods-GroceryListProjectTests/Pods-GroceryListProjectTests.debug.xcconfig"; sourceTree = "<group>"; };
		85869F134BA5BBA8F8E03682 /* Pods_GroceryListProjectTests.framework */ = {isa = PBXFileReference; explicitFileType = wrapper.framework; includeInIndex = 0; path = Pods_GroceryListProjectTests.framework; sourceTree = BUILT_PRODUCTS_DIR; };
		BC4071FC4E841F3F707FA76B /* Pods_GroceryListProjectTarget_GroceryListProject.framework */ = {isa = PBXFileReference; explicitFileType = wrapper.framework; includeInIndex = 0; path = Pods_GroceryListProjectTarget_GroceryListProject.framework; sourceTree = BUILT_PRODUCTS_DIR; };
		C34BEB336CA79A050B230D77 /* Pods-GroceryListProjectTests.release.xcconfig */ = {isa = PBXFileReference; includeInIndex = 1; lastKnownFileType = text.xcconfig; name = "Pods-GroceryListProjectTests.release.xcconfig"; path = "Target Support Files/Pods-GroceryListProjectTests/Pods-GroceryListProjectTests.release.xcconfig"; sourceTree = "<group>"; };
		CE8BB9143B6ECD485D237C96 /* Pods-GroceryListProjectTarget-GroceryListProject.debug.xcconfig */ = {isa = PBXFileReference; includeInIndex = 1; lastKnownFileType = text.xcconfig; name = "Pods-GroceryListProjectTarget-GroceryListProject.debug.xcconfig"; path = "Target Support Files/Pods-GroceryListProjectTarget-GroceryListProject/Pods-GroceryListProjectTarget-GroceryListProject.debug.xcconfig"; sourceTree = "<group>"; };
		DA861DB08733DB0A45E72667 /* Pods-GroceryListProject.debug.xcconfig */ = {isa = PBXFileReference; includeInIndex = 1; lastKnownFileType = text.xcconfig; name = "Pods-GroceryListProject.debug.xcconfig"; path = "Target Support Files/Pods-GroceryListProject/Pods-GroceryListProject.debug.xcconfig"; sourceTree = "<group>"; };
		DC0699EE1B8C5323AA7C14BE /* Pods-GroceryListProject.release.xcconfig */ = {isa = PBXFileReference; includeInIndex = 1; lastKnownFileType = text.xcconfig; name = "Pods-GroceryListProject.release.xcconfig"; path = "Target Support Files/Pods-GroceryListProject/Pods-GroceryListProject.release.xcconfig"; sourceTree = "<group>"; };
/* End PBXFileReference section */

/* Begin PBXFrameworksBuildPhase section */
		0D20C0BC241FE46600FCA5B4 /* Frameworks */ = {
			isa = PBXFrameworksBuildPhase;
			buildActionMask = 2147483647;
			files = (
				0DF4077D25A7460C0005609F /* Common.framework in Frameworks */,
				0DF4089C25A74C5D0005609F /* Domain.framework in Frameworks */,
				0DF4086125A74BE50005609F /* AppData.framework in Frameworks */,
				0DF4080725A74AA10005609F /* Storage.framework in Frameworks */,
				0DF407D325A749970005609F /* Networking.framework in Frameworks */,
				0DF4091625A74E200005609F /* AppNavigation.framework in Frameworks */,
				0D22D09325E438FD00E48981 /* GroceryList.framework in Frameworks */,
				0DE5EA96262DE27500A0990B /* Presentation in Frameworks */,
				0DF4098D25A75DA70005609F /* MainList.framework in Frameworks */,
				0DF408E225A74D790005609F /* DI.framework in Frameworks */,
				721A1F0FB7F7E0B0062249E1 /* Pods_GroceryListProjectTarget_GroceryListProject.framework in Frameworks */,
			);
			runOnlyForDeploymentPostprocessing = 0;
		};
		0DF4078525A748900005609F /* Frameworks */ = {
			isa = PBXFrameworksBuildPhase;
			buildActionMask = 2147483647;
			files = (
				EE9AA707EB8AF22E89F178FD /* Pods_GroceryListProjectTests.framework in Frameworks */,
			);
			runOnlyForDeploymentPostprocessing = 0;
		};
		0DF4079425A748D80005609F /* Frameworks */ = {
			isa = PBXFrameworksBuildPhase;
			buildActionMask = 2147483647;
			files = (
			);
			runOnlyForDeploymentPostprocessing = 0;
		};
/* End PBXFrameworksBuildPhase section */

/* Begin PBXGroup section */
		0D20C0B6241FE46600FCA5B4 = {
			isa = PBXGroup;
			children = (
				0D20C0C1241FE46600FCA5B4 /* GroceryListProject */,
				0DF4078925A748900005609F /* GroceryListProjectTests */,
				0DF4079825A748D80005609F /* GroceryListProjectUITests */,
				0D20C0C0241FE46600FCA5B4 /* Products */,
				7C150F7AFA53548FCF2B104B /* Pods */,
				7B0BEA66D762A2BB6D40756B /* Frameworks */,
			);
			sourceTree = "<group>";
		};
		0D20C0C0241FE46600FCA5B4 /* Products */ = {
			isa = PBXGroup;
			children = (
				0D20C0BF241FE46600FCA5B4 /* Listinha.app */,
				0DF4078825A748900005609F /* GroceryListProjectTests.xctest */,
				0DF4079725A748D80005609F /* GroceryListProjectUITests.xctest */,
			);
			name = Products;
			sourceTree = "<group>";
		};
		0D20C0C1241FE46600FCA5B4 /* GroceryListProject */ = {
			isa = PBXGroup;
			children = (
				0D20C0C2241FE46600FCA5B4 /* AppDelegate.swift */,
				0DE5EA9C262DE28A00A0990B /* Assets.xcassets */,
				0D20C0D0241FE46700FCA5B4 /* LaunchScreen.storyboard */,
				0D20C0D3241FE46700FCA5B4 /* Info.plist */,
			);
			path = GroceryListProject;
			sourceTree = "<group>";
		};
		0DF4078925A748900005609F /* GroceryListProjectTests */ = {
			isa = PBXGroup;
			children = (
				0DF4078A25A748900005609F /* GroceryListProjectTests.swift */,
				0DF4078C25A748900005609F /* Info.plist */,
			);
			path = GroceryListProjectTests;
			sourceTree = "<group>";
		};
		0DF4079825A748D80005609F /* GroceryListProjectUITests */ = {
			isa = PBXGroup;
			children = (
				0DF4079925A748D80005609F /* GroceryListProjectUITests.swift */,
				0DF4079B25A748D80005609F /* Info.plist */,
			);
			path = GroceryListProjectUITests;
			sourceTree = "<group>";
		};
		7B0BEA66D762A2BB6D40756B /* Frameworks */ = {
			isa = PBXGroup;
			children = (
				0D22D09225E438FD00E48981 /* GroceryList.framework */,
				0D9DD8E025D48DB800851531 /* Notification.framework */,
				0DF4098C25A75DA70005609F /* MainList.framework */,
				0DF4094F25A74F350005609F /* Presentation.framework */,
				0DF4091525A74E200005609F /* AppNavigation.framework */,
				0DF408E125A74D790005609F /* DI.framework */,
				0DF4089B25A74C5D0005609F /* Domain.framework */,
				0DF4086025A74BE50005609F /* AppData.framework */,
				0DF4080625A74AA10005609F /* Storage.framework */,
				0DF407D225A749970005609F /* Networking.framework */,
				0DF4077C25A7460C0005609F /* Common.framework */,
				BC4071FC4E841F3F707FA76B /* Pods_GroceryListProjectTarget_GroceryListProject.framework */,
				85869F134BA5BBA8F8E03682 /* Pods_GroceryListProjectTests.framework */,
			);
			name = Frameworks;
			sourceTree = "<group>";
		};
		7C150F7AFA53548FCF2B104B /* Pods */ = {
			isa = PBXGroup;
			children = (
				DA861DB08733DB0A45E72667 /* Pods-GroceryListProject.debug.xcconfig */,
				DC0699EE1B8C5323AA7C14BE /* Pods-GroceryListProject.release.xcconfig */,
				CE8BB9143B6ECD485D237C96 /* Pods-GroceryListProjectTarget-GroceryListProject.debug.xcconfig */,
				2AA39BE0C3FDE10DEC5D6CD4 /* Pods-GroceryListProjectTarget-GroceryListProject.release.xcconfig */,
				7CCBA280822E7C615D0EA60A /* Pods-GroceryListProjectTests.debug.xcconfig */,
				C34BEB336CA79A050B230D77 /* Pods-GroceryListProjectTests.release.xcconfig */,
			);
			path = Pods;
			sourceTree = "<group>";
		};
/* End PBXGroup section */

/* Begin PBXNativeTarget section */
		0D20C0BE241FE46600FCA5B4 /* GroceryListProject */ = {
			isa = PBXNativeTarget;
			buildConfigurationList = 0D20C0D6241FE46700FCA5B4 /* Build configuration list for PBXNativeTarget "GroceryListProject" */;
			buildPhases = (
				6BF34DAB937D60ADA9D3BF93 /* [CP] Check Pods Manifest.lock */,
				0D20C0BB241FE46600FCA5B4 /* Sources */,
				0D20C0BC241FE46600FCA5B4 /* Frameworks */,
				0D20C0BD241FE46600FCA5B4 /* Resources */,
				0DF4077F25A7460D0005609F /* Embed Frameworks */,
				D7EB6DAA727ED6A953A3B92B /* [CP] Embed Pods Frameworks */,
				0DF4DC0225AA456B0076D0EB /* ShellScript */,
			);
			buildRules = (
			);
			dependencies = (
			);
			name = GroceryListProject;
			packageProductDependencies = (
				0DE5EA95262DE27500A0990B /* Presentation */,
			);
			productName = GroceryListProject;
			productReference = 0D20C0BF241FE46600FCA5B4 /* Listinha.app */;
			productType = "com.apple.product-type.application";
		};
		0DF4078725A748900005609F /* GroceryListProjectTests */ = {
			isa = PBXNativeTarget;
			buildConfigurationList = 0DF4078F25A748900005609F /* Build configuration list for PBXNativeTarget "GroceryListProjectTests" */;
			buildPhases = (
				AC0897C535D9FEBFFED9DA11 /* [CP] Check Pods Manifest.lock */,
				0DF4078425A748900005609F /* Sources */,
				0DF4078525A748900005609F /* Frameworks */,
				0DF4078625A748900005609F /* Resources */,
			);
			buildRules = (
			);
			dependencies = (
				0DF4078E25A748900005609F /* PBXTargetDependency */,
			);
			name = GroceryListProjectTests;
			productName = GroceryListProjectTests;
			productReference = 0DF4078825A748900005609F /* GroceryListProjectTests.xctest */;
			productType = "com.apple.product-type.bundle.unit-test";
		};
		0DF4079625A748D80005609F /* GroceryListProjectUITests */ = {
			isa = PBXNativeTarget;
			buildConfigurationList = 0DF4079E25A748D80005609F /* Build configuration list for PBXNativeTarget "GroceryListProjectUITests" */;
			buildPhases = (
				0DF4079325A748D80005609F /* Sources */,
				0DF4079425A748D80005609F /* Frameworks */,
				0DF4079525A748D80005609F /* Resources */,
			);
			buildRules = (
			);
			dependencies = (
				0DF4079D25A748D80005609F /* PBXTargetDependency */,
			);
			name = GroceryListProjectUITests;
			productName = GroceryListProjectUITests;
			productReference = 0DF4079725A748D80005609F /* GroceryListProjectUITests.xctest */;
			productType = "com.apple.product-type.bundle.ui-testing";
		};
/* End PBXNativeTarget section */

/* Begin PBXProject section */
		0D20C0B7241FE46600FCA5B4 /* Project object */ = {
			isa = PBXProject;
			attributes = {
				LastSwiftUpdateCheck = 1230;
				LastUpgradeCheck = 1230;
				ORGANIZATIONNAME = JezreelBarbosa;
				TargetAttributes = {
					0D20C0BE241FE46600FCA5B4 = {
						CreatedOnToolsVersion = 11.3.1;
					};
					0DF4078725A748900005609F = {
						CreatedOnToolsVersion = 12.3;
						TestTargetID = 0D20C0BE241FE46600FCA5B4;
					};
					0DF4079625A748D80005609F = {
						CreatedOnToolsVersion = 12.3;
						TestTargetID = 0D20C0BE241FE46600FCA5B4;
					};
				};
			};
			buildConfigurationList = 0D20C0BA241FE46600FCA5B4 /* Build configuration list for PBXProject "GroceryListProject" */;
			compatibilityVersion = "Xcode 9.3";
			developmentRegion = en;
			hasScannedForEncodings = 0;
			knownRegions = (
				en,
				Base,
				"pt-BR",
				fr,
			);
			mainGroup = 0D20C0B6241FE46600FCA5B4;
			packageReferences = (
				0DE5EA94262DE27500A0990B /* XCRemoteSwiftPackageReference "Presentation" */,
			);
			productRefGroup = 0D20C0C0241FE46600FCA5B4 /* Products */;
			projectDirPath = "";
			projectRoot = "";
			targets = (
				0D20C0BE241FE46600FCA5B4 /* GroceryListProject */,
				0DF4078725A748900005609F /* GroceryListProjectTests */,
				0DF4079625A748D80005609F /* GroceryListProjectUITests */,
			);
		};
/* End PBXProject section */

/* Begin PBXResourcesBuildPhase section */
		0D20C0BD241FE46600FCA5B4 /* Resources */ = {
			isa = PBXResourcesBuildPhase;
			buildActionMask = 2147483647;
			files = (
				0D20C0D2241FE46700FCA5B4 /* LaunchScreen.storyboard in Resources */,
			);
			runOnlyForDeploymentPostprocessing = 0;
		};
		0DF4078625A748900005609F /* Resources */ = {
			isa = PBXResourcesBuildPhase;
			buildActionMask = 2147483647;
			files = (
			);
			runOnlyForDeploymentPostprocessing = 0;
		};
		0DF4079525A748D80005609F /* Resources */ = {
			isa = PBXResourcesBuildPhase;
			buildActionMask = 2147483647;
			files = (
			);
			runOnlyForDeploymentPostprocessing = 0;
		};
/* End PBXResourcesBuildPhase section */

/* Begin PBXShellScriptBuildPhase section */
		0DF4DC0225AA456B0076D0EB /* ShellScript */ = {
			isa = PBXShellScriptBuildPhase;
			buildActionMask = 2147483647;
			files = (
			);
			inputFileListPaths = (
			);
			inputPaths = (
			);
			outputFileListPaths = (
			);
			outputPaths = (
			);
			runOnlyForDeploymentPostprocessing = 0;
			shellPath = /bin/sh;
			shellScript = "# Type a script or drag a script file from your workspace to insert its path.\nif which swiftlint >/dev/null; then\n  swiftlint\nelse\n  echo \"warning: SwiftLint not installed, download from https://github.com/realm/SwiftLint\"\nfi\n";
		};
		6BF34DAB937D60ADA9D3BF93 /* [CP] Check Pods Manifest.lock */ = {
			isa = PBXShellScriptBuildPhase;
			buildActionMask = 2147483647;
			files = (
			);
			inputFileListPaths = (
			);
			inputPaths = (
				"${PODS_PODFILE_DIR_PATH}/Podfile.lock",
				"${PODS_ROOT}/Manifest.lock",
			);
			name = "[CP] Check Pods Manifest.lock";
			outputFileListPaths = (
			);
			outputPaths = (
				"$(DERIVED_FILE_DIR)/Pods-GroceryListProjectTarget-GroceryListProject-checkManifestLockResult.txt",
			);
			runOnlyForDeploymentPostprocessing = 0;
			shellPath = /bin/sh;
			shellScript = "diff \"${PODS_PODFILE_DIR_PATH}/Podfile.lock\" \"${PODS_ROOT}/Manifest.lock\" > /dev/null\nif [ $? != 0 ] ; then\n    # print error to STDERR\n    echo \"error: The sandbox is not in sync with the Podfile.lock. Run 'pod install' or update your CocoaPods installation.\" >&2\n    exit 1\nfi\n# This output is used by Xcode 'outputs' to avoid re-running this script phase.\necho \"SUCCESS\" > \"${SCRIPT_OUTPUT_FILE_0}\"\n";
			showEnvVarsInLog = 0;
		};
		AC0897C535D9FEBFFED9DA11 /* [CP] Check Pods Manifest.lock */ = {
			isa = PBXShellScriptBuildPhase;
			buildActionMask = 2147483647;
			files = (
			);
			inputFileListPaths = (
			);
			inputPaths = (
				"${PODS_PODFILE_DIR_PATH}/Podfile.lock",
				"${PODS_ROOT}/Manifest.lock",
			);
			name = "[CP] Check Pods Manifest.lock";
			outputFileListPaths = (
			);
			outputPaths = (
				"$(DERIVED_FILE_DIR)/Pods-GroceryListProjectTests-checkManifestLockResult.txt",
			);
			runOnlyForDeploymentPostprocessing = 0;
			shellPath = /bin/sh;
			shellScript = "diff \"${PODS_PODFILE_DIR_PATH}/Podfile.lock\" \"${PODS_ROOT}/Manifest.lock\" > /dev/null\nif [ $? != 0 ] ; then\n    # print error to STDERR\n    echo \"error: The sandbox is not in sync with the Podfile.lock. Run 'pod install' or update your CocoaPods installation.\" >&2\n    exit 1\nfi\n# This output is used by Xcode 'outputs' to avoid re-running this script phase.\necho \"SUCCESS\" > \"${SCRIPT_OUTPUT_FILE_0}\"\n";
			showEnvVarsInLog = 0;
		};
		D7EB6DAA727ED6A953A3B92B /* [CP] Embed Pods Frameworks */ = {
			isa = PBXShellScriptBuildPhase;
			buildActionMask = 2147483647;
			files = (
			);
			inputFileListPaths = (
				"${PODS_ROOT}/Target Support Files/Pods-GroceryListProjectTarget-GroceryListProject/Pods-GroceryListProjectTarget-GroceryListProject-frameworks-${CONFIGURATION}-input-files.xcfilelist",
			);
			name = "[CP] Embed Pods Frameworks";
			outputFileListPaths = (
				"${PODS_ROOT}/Target Support Files/Pods-GroceryListProjectTarget-GroceryListProject/Pods-GroceryListProjectTarget-GroceryListProject-frameworks-${CONFIGURATION}-output-files.xcfilelist",
			);
			runOnlyForDeploymentPostprocessing = 0;
			shellPath = /bin/sh;
			shellScript = "\"${PODS_ROOT}/Target Support Files/Pods-GroceryListProjectTarget-GroceryListProject/Pods-GroceryListProjectTarget-GroceryListProject-frameworks.sh\"\n";
			showEnvVarsInLog = 0;
		};
/* End PBXShellScriptBuildPhase section */

/* Begin PBXSourcesBuildPhase section */
		0D20C0BB241FE46600FCA5B4 /* Sources */ = {
			isa = PBXSourcesBuildPhase;
			buildActionMask = 2147483647;
			files = (
				0D20C0C3241FE46600FCA5B4 /* AppDelegate.swift in Sources */,
			);
			runOnlyForDeploymentPostprocessing = 0;
		};
		0DF4078425A748900005609F /* Sources */ = {
			isa = PBXSourcesBuildPhase;
			buildActionMask = 2147483647;
			files = (
				0DF4078B25A748900005609F /* GroceryListProjectTests.swift in Sources */,
			);
			runOnlyForDeploymentPostprocessing = 0;
		};
		0DF4079325A748D80005609F /* Sources */ = {
			isa = PBXSourcesBuildPhase;
			buildActionMask = 2147483647;
			files = (
				0DF4079A25A748D80005609F /* GroceryListProjectUITests.swift in Sources */,
			);
			runOnlyForDeploymentPostprocessing = 0;
		};
/* End PBXSourcesBuildPhase section */

/* Begin PBXTargetDependency section */
		0DF4078E25A748900005609F /* PBXTargetDependency */ = {
			isa = PBXTargetDependency;
			target = 0D20C0BE241FE46600FCA5B4 /* GroceryListProject */;
			targetProxy = 0DF4078D25A748900005609F /* PBXContainerItemProxy */;
		};
		0DF4079D25A748D80005609F /* PBXTargetDependency */ = {
			isa = PBXTargetDependency;
			target = 0D20C0BE241FE46600FCA5B4 /* GroceryListProject */;
			targetProxy = 0DF4079C25A748D80005609F /* PBXContainerItemProxy */;
		};
/* End PBXTargetDependency section */

/* Begin PBXVariantGroup section */
		0D20C0D0241FE46700FCA5B4 /* LaunchScreen.storyboard */ = {
			isa = PBXVariantGroup;
			children = (
				0D20C0D1241FE46700FCA5B4 /* Base */,
				0D2AD29725EFC48B001B4F49 /* pt-BR */,
				0DC102CC25FC0568000AF5A6 /* fr */,
			);
			name = LaunchScreen.storyboard;
			sourceTree = "<group>";
		};
/* End PBXVariantGroup section */

/* Begin XCBuildConfiguration section */
		0D20C0D4241FE46700FCA5B4 /* Debug */ = {
			isa = XCBuildConfiguration;
			buildSettings = {
				ALWAYS_SEARCH_USER_PATHS = NO;
				CLANG_ANALYZER_LOCALIZABILITY_NONLOCALIZED = YES;
				CLANG_ANALYZER_NONNULL = YES;
				CLANG_ANALYZER_NUMBER_OBJECT_CONVERSION = YES_AGGRESSIVE;
				CLANG_CXX_LANGUAGE_STANDARD = "gnu++14";
				CLANG_CXX_LIBRARY = "libc++";
				CLANG_ENABLE_MODULES = YES;
				CLANG_ENABLE_OBJC_ARC = YES;
				CLANG_ENABLE_OBJC_WEAK = YES;
				CLANG_WARN_BLOCK_CAPTURE_AUTORELEASING = YES;
				CLANG_WARN_BOOL_CONVERSION = YES;
				CLANG_WARN_COMMA = YES;
				CLANG_WARN_CONSTANT_CONVERSION = YES;
				CLANG_WARN_DEPRECATED_OBJC_IMPLEMENTATIONS = YES;
				CLANG_WARN_DIRECT_OBJC_ISA_USAGE = YES_ERROR;
				CLANG_WARN_DOCUMENTATION_COMMENTS = YES;
				CLANG_WARN_EMPTY_BODY = YES;
				CLANG_WARN_ENUM_CONVERSION = YES;
				CLANG_WARN_INFINITE_RECURSION = YES;
				CLANG_WARN_INT_CONVERSION = YES;
				CLANG_WARN_NON_LITERAL_NULL_CONVERSION = YES;
				CLANG_WARN_OBJC_IMPLICIT_RETAIN_SELF = YES;
				CLANG_WARN_OBJC_LITERAL_CONVERSION = YES;
				CLANG_WARN_OBJC_ROOT_CLASS = YES_ERROR;
				CLANG_WARN_QUOTED_INCLUDE_IN_FRAMEWORK_HEADER = YES;
				CLANG_WARN_RANGE_LOOP_ANALYSIS = YES;
				CLANG_WARN_STRICT_PROTOTYPES = YES;
				CLANG_WARN_SUSPICIOUS_MOVE = YES;
				CLANG_WARN_UNGUARDED_AVAILABILITY = YES_AGGRESSIVE;
				CLANG_WARN_UNREACHABLE_CODE = YES;
				CLANG_WARN__DUPLICATE_METHOD_MATCH = YES;
				COPY_PHASE_STRIP = NO;
				DEBUG_INFORMATION_FORMAT = dwarf;
				ENABLE_STRICT_OBJC_MSGSEND = YES;
				ENABLE_TESTABILITY = YES;
				GCC_C_LANGUAGE_STANDARD = gnu11;
				GCC_DYNAMIC_NO_PIC = NO;
				GCC_NO_COMMON_BLOCKS = YES;
				GCC_OPTIMIZATION_LEVEL = 0;
				GCC_PREPROCESSOR_DEFINITIONS = (
					"DEBUG=1",
					"$(inherited)",
				);
				GCC_WARN_64_TO_32_BIT_CONVERSION = YES;
				GCC_WARN_ABOUT_RETURN_TYPE = YES_ERROR;
				GCC_WARN_UNDECLARED_SELECTOR = YES;
				GCC_WARN_UNINITIALIZED_AUTOS = YES_AGGRESSIVE;
				GCC_WARN_UNUSED_FUNCTION = YES;
				GCC_WARN_UNUSED_VARIABLE = YES;
				IPHONEOS_DEPLOYMENT_TARGET = 13.2;
				MTL_ENABLE_DEBUG_INFO = INCLUDE_SOURCE;
				MTL_FAST_MATH = YES;
				ONLY_ACTIVE_ARCH = YES;
				SDKROOT = iphoneos;
				SWIFT_ACTIVE_COMPILATION_CONDITIONS = DEBUG;
				SWIFT_OPTIMIZATION_LEVEL = "-Onone";
			};
			name = Debug;
		};
		0D20C0D5241FE46700FCA5B4 /* Release */ = {
			isa = XCBuildConfiguration;
			buildSettings = {
				ALWAYS_SEARCH_USER_PATHS = NO;
				CLANG_ANALYZER_LOCALIZABILITY_NONLOCALIZED = YES;
				CLANG_ANALYZER_NONNULL = YES;
				CLANG_ANALYZER_NUMBER_OBJECT_CONVERSION = YES_AGGRESSIVE;
				CLANG_CXX_LANGUAGE_STANDARD = "gnu++14";
				CLANG_CXX_LIBRARY = "libc++";
				CLANG_ENABLE_MODULES = YES;
				CLANG_ENABLE_OBJC_ARC = YES;
				CLANG_ENABLE_OBJC_WEAK = YES;
				CLANG_WARN_BLOCK_CAPTURE_AUTORELEASING = YES;
				CLANG_WARN_BOOL_CONVERSION = YES;
				CLANG_WARN_COMMA = YES;
				CLANG_WARN_CONSTANT_CONVERSION = YES;
				CLANG_WARN_DEPRECATED_OBJC_IMPLEMENTATIONS = YES;
				CLANG_WARN_DIRECT_OBJC_ISA_USAGE = YES_ERROR;
				CLANG_WARN_DOCUMENTATION_COMMENTS = YES;
				CLANG_WARN_EMPTY_BODY = YES;
				CLANG_WARN_ENUM_CONVERSION = YES;
				CLANG_WARN_INFINITE_RECURSION = YES;
				CLANG_WARN_INT_CONVERSION = YES;
				CLANG_WARN_NON_LITERAL_NULL_CONVERSION = YES;
				CLANG_WARN_OBJC_IMPLICIT_RETAIN_SELF = YES;
				CLANG_WARN_OBJC_LITERAL_CONVERSION = YES;
				CLANG_WARN_OBJC_ROOT_CLASS = YES_ERROR;
				CLANG_WARN_QUOTED_INCLUDE_IN_FRAMEWORK_HEADER = YES;
				CLANG_WARN_RANGE_LOOP_ANALYSIS = YES;
				CLANG_WARN_STRICT_PROTOTYPES = YES;
				CLANG_WARN_SUSPICIOUS_MOVE = YES;
				CLANG_WARN_UNGUARDED_AVAILABILITY = YES_AGGRESSIVE;
				CLANG_WARN_UNREACHABLE_CODE = YES;
				CLANG_WARN__DUPLICATE_METHOD_MATCH = YES;
				COPY_PHASE_STRIP = NO;
				DEBUG_INFORMATION_FORMAT = "dwarf-with-dsym";
				ENABLE_NS_ASSERTIONS = NO;
				ENABLE_STRICT_OBJC_MSGSEND = YES;
				GCC_C_LANGUAGE_STANDARD = gnu11;
				GCC_NO_COMMON_BLOCKS = YES;
				GCC_WARN_64_TO_32_BIT_CONVERSION = YES;
				GCC_WARN_ABOUT_RETURN_TYPE = YES_ERROR;
				GCC_WARN_UNDECLARED_SELECTOR = YES;
				GCC_WARN_UNINITIALIZED_AUTOS = YES_AGGRESSIVE;
				GCC_WARN_UNUSED_FUNCTION = YES;
				GCC_WARN_UNUSED_VARIABLE = YES;
				IPHONEOS_DEPLOYMENT_TARGET = 13.2;
				MTL_ENABLE_DEBUG_INFO = NO;
				MTL_FAST_MATH = YES;
				SDKROOT = iphoneos;
				SWIFT_COMPILATION_MODE = wholemodule;
				SWIFT_OPTIMIZATION_LEVEL = "-O";
				VALIDATE_PRODUCT = YES;
			};
			name = Release;
		};
		0D20C0D7241FE46700FCA5B4 /* Debug */ = {
			isa = XCBuildConfiguration;
			baseConfigurationReference = CE8BB9143B6ECD485D237C96 /* Pods-GroceryListProjectTarget-GroceryListProject.debug.xcconfig */;
			buildSettings = {
				ASSETCATALOG_COMPILER_APPICON_NAME = AppIcon;
				CODE_SIGN_STYLE = Automatic;
				CURRENT_PROJECT_VERSION = 3;
				DEVELOPMENT_TEAM = XCSQ883CT6;
				INFOPLIST_FILE = GroceryListProject/Info.plist;
				IPHONEOS_DEPLOYMENT_TARGET = 12.1;
				LD_RUNPATH_SEARCH_PATHS = (
					"$(inherited)",
					"@executable_path/Frameworks",
				);
				MARKETING_VERSION = 1.0.0;
				PRODUCT_BUNDLE_IDENTIFIER = com.jezreelbarbosa.grocerylist;
				PRODUCT_NAME = Listinha;
				SWIFT_VERSION = 5.0;
				TARGETED_DEVICE_FAMILY = 1;
			};
			name = Debug;
		};
		0D20C0D8241FE46700FCA5B4 /* Release */ = {
			isa = XCBuildConfiguration;
			baseConfigurationReference = 2AA39BE0C3FDE10DEC5D6CD4 /* Pods-GroceryListProjectTarget-GroceryListProject.release.xcconfig */;
			buildSettings = {
				ASSETCATALOG_COMPILER_APPICON_NAME = AppIcon;
				CODE_SIGN_STYLE = Automatic;
				CURRENT_PROJECT_VERSION = 3;
				DEVELOPMENT_TEAM = XCSQ883CT6;
				INFOPLIST_FILE = GroceryListProject/Info.plist;
				IPHONEOS_DEPLOYMENT_TARGET = 12.1;
				LD_RUNPATH_SEARCH_PATHS = (
					"$(inherited)",
					"@executable_path/Frameworks",
				);
				MARKETING_VERSION = 1.0.0;
				PRODUCT_BUNDLE_IDENTIFIER = com.jezreelbarbosa.grocerylist;
				PRODUCT_NAME = Listinha;
				SWIFT_VERSION = 5.0;
				TARGETED_DEVICE_FAMILY = 1;
			};
			name = Release;
		};
		0DF4079025A748900005609F /* Debug */ = {
			isa = XCBuildConfiguration;
			baseConfigurationReference = 7CCBA280822E7C615D0EA60A /* Pods-GroceryListProjectTests.debug.xcconfig */;
			buildSettings = {
				BUNDLE_LOADER = "$(TEST_HOST)";
				CODE_SIGN_STYLE = Automatic;
				DEVELOPMENT_TEAM = P38KT438VN;
				INFOPLIST_FILE = GroceryListProjectTests/Info.plist;
				IPHONEOS_DEPLOYMENT_TARGET = 14.3;
				LD_RUNPATH_SEARCH_PATHS = (
					"$(inherited)",
					"@executable_path/Frameworks",
					"@loader_path/Frameworks",
				);
				PRODUCT_BUNDLE_IDENTIFIER = com.jezreelbarbosa.grocerylist.GroceryListProjectTests;
				PRODUCT_NAME = "$(TARGET_NAME)";
				SWIFT_VERSION = 5.0;
				TARGETED_DEVICE_FAMILY = "1,2";
				TEST_HOST = "$(BUILT_PRODUCTS_DIR)/Listinha.app/Listinha";
			};
			name = Debug;
		};
		0DF4079125A748900005609F /* Release */ = {
			isa = XCBuildConfiguration;
			baseConfigurationReference = C34BEB336CA79A050B230D77 /* Pods-GroceryListProjectTests.release.xcconfig */;
			buildSettings = {
				BUNDLE_LOADER = "$(TEST_HOST)";
				CODE_SIGN_STYLE = Automatic;
				DEVELOPMENT_TEAM = P38KT438VN;
				INFOPLIST_FILE = GroceryListProjectTests/Info.plist;
				IPHONEOS_DEPLOYMENT_TARGET = 14.3;
				LD_RUNPATH_SEARCH_PATHS = (
					"$(inherited)",
					"@executable_path/Frameworks",
					"@loader_path/Frameworks",
				);
				PRODUCT_BUNDLE_IDENTIFIER = com.jezreelbarbosa.grocerylist.GroceryListProjectTests;
				PRODUCT_NAME = "$(TARGET_NAME)";
				SWIFT_VERSION = 5.0;
				TARGETED_DEVICE_FAMILY = "1,2";
				TEST_HOST = "$(BUILT_PRODUCTS_DIR)/Listinha.app/Listinha";
			};
			name = Release;
		};
		0DF4079F25A748D80005609F /* Debug */ = {
			isa = XCBuildConfiguration;
			buildSettings = {
				CODE_SIGN_STYLE = Automatic;
				DEVELOPMENT_TEAM = P38KT438VN;
				INFOPLIST_FILE = GroceryListProjectUITests/Info.plist;
				IPHONEOS_DEPLOYMENT_TARGET = 14.3;
				LD_RUNPATH_SEARCH_PATHS = (
					"$(inherited)",
					"@executable_path/Frameworks",
					"@loader_path/Frameworks",
				);
				PRODUCT_BUNDLE_IDENTIFIER = com.jezreelbarbosa.grocerylist.GroceryListProjectUITests;
				PRODUCT_NAME = "$(TARGET_NAME)";
				SWIFT_VERSION = 5.0;
				TARGETED_DEVICE_FAMILY = "1,2";
				TEST_TARGET_NAME = GroceryListProject;
			};
			name = Debug;
		};
		0DF407A025A748D80005609F /* Release */ = {
			isa = XCBuildConfiguration;
			buildSettings = {
				CODE_SIGN_STYLE = Automatic;
				DEVELOPMENT_TEAM = P38KT438VN;
				INFOPLIST_FILE = GroceryListProjectUITests/Info.plist;
				IPHONEOS_DEPLOYMENT_TARGET = 14.3;
				LD_RUNPATH_SEARCH_PATHS = (
					"$(inherited)",
					"@executable_path/Frameworks",
					"@loader_path/Frameworks",
				);
				PRODUCT_BUNDLE_IDENTIFIER = com.jezreelbarbosa.grocerylist.GroceryListProjectUITests;
				PRODUCT_NAME = "$(TARGET_NAME)";
				SWIFT_VERSION = 5.0;
				TARGETED_DEVICE_FAMILY = "1,2";
				TEST_TARGET_NAME = GroceryListProject;
			};
			name = Release;
		};
/* End XCBuildConfiguration section */

/* Begin XCConfigurationList section */
		0D20C0BA241FE46600FCA5B4 /* Build configuration list for PBXProject "GroceryListProject" */ = {
			isa = XCConfigurationList;
			buildConfigurations = (
				0D20C0D4241FE46700FCA5B4 /* Debug */,
				0D20C0D5241FE46700FCA5B4 /* Release */,
			);
			defaultConfigurationIsVisible = 0;
			defaultConfigurationName = Release;
		};
		0D20C0D6241FE46700FCA5B4 /* Build configuration list for PBXNativeTarget "GroceryListProject" */ = {
			isa = XCConfigurationList;
			buildConfigurations = (
				0D20C0D7241FE46700FCA5B4 /* Debug */,
				0D20C0D8241FE46700FCA5B4 /* Release */,
			);
			defaultConfigurationIsVisible = 0;
			defaultConfigurationName = Release;
		};
		0DF4078F25A748900005609F /* Build configuration list for PBXNativeTarget "GroceryListProjectTests" */ = {
			isa = XCConfigurationList;
			buildConfigurations = (
				0DF4079025A748900005609F /* Debug */,
				0DF4079125A748900005609F /* Release */,
			);
			defaultConfigurationIsVisible = 0;
			defaultConfigurationName = Release;
		};
		0DF4079E25A748D80005609F /* Build configuration list for PBXNativeTarget "GroceryListProjectUITests" */ = {
			isa = XCConfigurationList;
			buildConfigurations = (
				0DF4079F25A748D80005609F /* Debug */,
				0DF407A025A748D80005609F /* Release */,
			);
			defaultConfigurationIsVisible = 0;
			defaultConfigurationName = Release;
		};
/* End XCConfigurationList section */

/* Begin XCRemoteSwiftPackageReference section */
		0DE5EA94262DE27500A0990B /* XCRemoteSwiftPackageReference "Presentation" */ = {
			isa = XCRemoteSwiftPackageReference;
			repositoryURL = "https://github.com/jezreelbarbosa/Presentation.git";
			requirement = {
				branch = main;
				kind = branch;
			};
		};
/* End XCRemoteSwiftPackageReference section */

/* Begin XCSwiftPackageProductDependency section */
		0DE5EA95262DE27500A0990B /* Presentation */ = {
			isa = XCSwiftPackageProductDependency;
			package = 0DE5EA94262DE27500A0990B /* XCRemoteSwiftPackageReference "Presentation" */;
			productName = Presentation;
		};
/* End XCSwiftPackageProductDependency section */
	};
	rootObject = 0D20C0B7241FE46600FCA5B4 /* Project object */;
}
