// !$*UTF8*$!
{
	archiveVersion = 1;
	classes = {
	};
	objectVersion = 52;
	objects = {

/* Begin PBXBuildFile section */
		0D08D61925EC202700A09BAF /* GroceryItemView.swift in Sources */ = {isa = PBXBuildFile; fileRef = 0D08D61825EC202700A09BAF /* GroceryItemView.swift */; };
		0D08D61D25EC203000A09BAF /* GroceryItemViewController.swift in Sources */ = {isa = PBXBuildFile; fileRef = 0D08D61C25EC203000A09BAF /* GroceryItemViewController.swift */; };
		0D08D62125EC203900A09BAF /* GroceryItemPresenter.swift in Sources */ = {isa = PBXBuildFile; fileRef = 0D08D62025EC203900A09BAF /* GroceryItemPresenter.swift */; };
		0D15E0192642381600F73B30 /* AppUI.framework in Frameworks */ = {isa = PBXBuildFile; fileRef = 0D15E0182642381600F73B30 /* AppUI.framework */; };
		0D15E026264255B200F73B30 /* Presentation in Frameworks */ = {isa = PBXBuildFile; productRef = 0D15E025264255B200F73B30 /* Presentation */; };
		0D22D06F25E4385400E48981 /* GroceryList.framework in Frameworks */ = {isa = PBXBuildFile; fileRef = 0D22D06525E4385400E48981 /* GroceryList.framework */; };
		0D22D07425E4385400E48981 /* GroceryListTests.swift in Sources */ = {isa = PBXBuildFile; fileRef = 0D22D07325E4385400E48981 /* GroceryListTests.swift */; };
		0D22D07625E4385400E48981 /* GroceryList.h in Headers */ = {isa = PBXBuildFile; fileRef = 0D22D06825E4385400E48981 /* GroceryList.h */; settings = {ATTRIBUTES = (Public, ); }; };
		0D22D08525E438B300E48981 /* Common.framework in Frameworks */ = {isa = PBXBuildFile; fileRef = 0D22D08425E438B300E48981 /* Common.framework */; };
		0D22D08925E438B800E48981 /* Domain.framework in Frameworks */ = {isa = PBXBuildFile; fileRef = 0D22D08825E438B800E48981 /* Domain.framework */; };
		0D24A06E25E923EE00D283D4 /* Resources.swift in Sources */ = {isa = PBXBuildFile; fileRef = 0D24A06D25E923EE00D283D4 /* Resources.swift */; };
		0D7EAD0325EACF1800A97CC2 /* GroceryListView.swift in Sources */ = {isa = PBXBuildFile; fileRef = 0D7EAD0225EACF1800A97CC2 /* GroceryListView.swift */; };
		0D7EAD0725EACF2500A97CC2 /* GroceryListViewController.swift in Sources */ = {isa = PBXBuildFile; fileRef = 0D7EAD0625EACF2500A97CC2 /* GroceryListViewController.swift */; };
		0D7EAD0B25EACF4100A97CC2 /* GroceryListPresenter.swift in Sources */ = {isa = PBXBuildFile; fileRef = 0D7EAD0A25EACF4100A97CC2 /* GroceryListPresenter.swift */; };
		0D7EAD0F25EACF5100A97CC2 /* GroceryItemTableViewCell.swift in Sources */ = {isa = PBXBuildFile; fileRef = 0D7EAD0E25EACF5100A97CC2 /* GroceryItemTableViewCell.swift */; };
		0D7EAD1525EAD91D00A97CC2 /* GroceryItemViewModel.swift in Sources */ = {isa = PBXBuildFile; fileRef = 0D7EAD1425EAD91D00A97CC2 /* GroceryItemViewModel.swift */; };
		0D7EADC325EB0FF300A97CC2 /* GroceryTotalFooterView.swift in Sources */ = {isa = PBXBuildFile; fileRef = 0D7EADC225EB0FF300A97CC2 /* GroceryTotalFooterView.swift */; };
		0D7EADCD25EB21DD00A97CC2 /* GroceryListViewModel.swift in Sources */ = {isa = PBXBuildFile; fileRef = 0D7EADCC25EB21DD00A97CC2 /* GroceryListViewModel.swift */; };
		0D8247BF25EDB4110049F79F /* GroceryItemUpdateRequest.swift in Sources */ = {isa = PBXBuildFile; fileRef = 0D8247BE25EDB4110049F79F /* GroceryItemUpdateRequest.swift */; };
		57B8C161EDE2B844C99CACCB /* Pods_GroceryList_GroceryListTests.framework in Frameworks */ = {isa = PBXBuildFile; fileRef = 87B5EAD3BCB2F76A80EC7531 /* Pods_GroceryList_GroceryListTests.framework */; };
		ABA0FFA93C52C05B1808B438 /* Pods_GroceryList.framework in Frameworks */ = {isa = PBXBuildFile; fileRef = A02A96F473FBAA887B2E45F6 /* Pods_GroceryList.framework */; };
/* End PBXBuildFile section */

/* Begin PBXContainerItemProxy section */
		0D22D07025E4385400E48981 /* PBXContainerItemProxy */ = {
			isa = PBXContainerItemProxy;
			containerPortal = 0D22D05C25E4385400E48981 /* Project object */;
			proxyType = 1;
			remoteGlobalIDString = 0D22D06425E4385400E48981;
			remoteInfo = GroceryList;
		};
/* End PBXContainerItemProxy section */

/* Begin PBXCopyFilesBuildPhase section */
		0D15E028264255B200F73B30 /* Embed Frameworks */ = {
			isa = PBXCopyFilesBuildPhase;
			buildActionMask = 2147483647;
			dstPath = "";
			dstSubfolderSpec = 10;
			files = (
			);
			name = "Embed Frameworks";
			runOnlyForDeploymentPostprocessing = 0;
		};
/* End PBXCopyFilesBuildPhase section */

/* Begin PBXFileReference section */
		0D08D61825EC202700A09BAF /* GroceryItemView.swift */ = {isa = PBXFileReference; lastKnownFileType = sourcecode.swift; path = GroceryItemView.swift; sourceTree = "<group>"; };
		0D08D61C25EC203000A09BAF /* GroceryItemViewController.swift */ = {isa = PBXFileReference; lastKnownFileType = sourcecode.swift; path = GroceryItemViewController.swift; sourceTree = "<group>"; };
		0D08D62025EC203900A09BAF /* GroceryItemPresenter.swift */ = {isa = PBXFileReference; lastKnownFileType = sourcecode.swift; path = GroceryItemPresenter.swift; sourceTree = "<group>"; };
		0D15E0182642381600F73B30 /* AppUI.framework */ = {isa = PBXFileReference; explicitFileType = wrapper.framework; path = AppUI.framework; sourceTree = BUILT_PRODUCTS_DIR; };
		0D22D06525E4385400E48981 /* GroceryList.framework */ = {isa = PBXFileReference; explicitFileType = wrapper.framework; includeInIndex = 0; path = GroceryList.framework; sourceTree = BUILT_PRODUCTS_DIR; };
		0D22D06825E4385400E48981 /* GroceryList.h */ = {isa = PBXFileReference; lastKnownFileType = sourcecode.c.h; path = GroceryList.h; sourceTree = "<group>"; };
		0D22D06925E4385400E48981 /* Info.plist */ = {isa = PBXFileReference; lastKnownFileType = text.plist.xml; path = Info.plist; sourceTree = "<group>"; };
		0D22D06E25E4385400E48981 /* GroceryListTests.xctest */ = {isa = PBXFileReference; explicitFileType = wrapper.cfbundle; includeInIndex = 0; path = GroceryListTests.xctest; sourceTree = BUILT_PRODUCTS_DIR; };
		0D22D07325E4385400E48981 /* GroceryListTests.swift */ = {isa = PBXFileReference; lastKnownFileType = sourcecode.swift; path = GroceryListTests.swift; sourceTree = "<group>"; };
		0D22D07525E4385400E48981 /* Info.plist */ = {isa = PBXFileReference; lastKnownFileType = text.plist.xml; path = Info.plist; sourceTree = "<group>"; };
		0D22D08425E438B300E48981 /* Common.framework */ = {isa = PBXFileReference; explicitFileType = wrapper.framework; path = Common.framework; sourceTree = BUILT_PRODUCTS_DIR; };
		0D22D08825E438B800E48981 /* Domain.framework */ = {isa = PBXFileReference; explicitFileType = wrapper.framework; path = Domain.framework; sourceTree = BUILT_PRODUCTS_DIR; };
		0D22D08B25E438BD00E48981 /* Presentation.framework */ = {isa = PBXFileReference; explicitFileType = wrapper.framework; path = Presentation.framework; sourceTree = BUILT_PRODUCTS_DIR; };
		0D24A06D25E923EE00D283D4 /* Resources.swift */ = {isa = PBXFileReference; lastKnownFileType = sourcecode.swift; path = Resources.swift; sourceTree = "<group>"; };
		0D7EAD0225EACF1800A97CC2 /* GroceryListView.swift */ = {isa = PBXFileReference; lastKnownFileType = sourcecode.swift; path = GroceryListView.swift; sourceTree = "<group>"; };
		0D7EAD0625EACF2500A97CC2 /* GroceryListViewController.swift */ = {isa = PBXFileReference; lastKnownFileType = sourcecode.swift; path = GroceryListViewController.swift; sourceTree = "<group>"; };
		0D7EAD0A25EACF4100A97CC2 /* GroceryListPresenter.swift */ = {isa = PBXFileReference; lastKnownFileType = sourcecode.swift; path = GroceryListPresenter.swift; sourceTree = "<group>"; };
		0D7EAD0E25EACF5100A97CC2 /* GroceryItemTableViewCell.swift */ = {isa = PBXFileReference; lastKnownFileType = sourcecode.swift; path = GroceryItemTableViewCell.swift; sourceTree = "<group>"; };
		0D7EAD1425EAD91D00A97CC2 /* GroceryItemViewModel.swift */ = {isa = PBXFileReference; lastKnownFileType = sourcecode.swift; path = GroceryItemViewModel.swift; sourceTree = "<group>"; };
		0D7EADC225EB0FF300A97CC2 /* GroceryTotalFooterView.swift */ = {isa = PBXFileReference; lastKnownFileType = sourcecode.swift; path = GroceryTotalFooterView.swift; sourceTree = "<group>"; };
		0D7EADCC25EB21DD00A97CC2 /* GroceryListViewModel.swift */ = {isa = PBXFileReference; lastKnownFileType = sourcecode.swift; path = GroceryListViewModel.swift; sourceTree = "<group>"; };
		0D8247BE25EDB4110049F79F /* GroceryItemUpdateRequest.swift */ = {isa = PBXFileReference; lastKnownFileType = sourcecode.swift; path = GroceryItemUpdateRequest.swift; sourceTree = "<group>"; };
		4E80C4F241E74341F176877D /* Pods-GroceryList-GroceryListTests.debug.xcconfig */ = {isa = PBXFileReference; includeInIndex = 1; lastKnownFileType = text.xcconfig; name = "Pods-GroceryList-GroceryListTests.debug.xcconfig"; path = "Target Support Files/Pods-GroceryList-GroceryListTests/Pods-GroceryList-GroceryListTests.debug.xcconfig"; sourceTree = "<group>"; };
		87B5EAD3BCB2F76A80EC7531 /* Pods_GroceryList_GroceryListTests.framework */ = {isa = PBXFileReference; explicitFileType = wrapper.framework; includeInIndex = 0; path = Pods_GroceryList_GroceryListTests.framework; sourceTree = BUILT_PRODUCTS_DIR; };
		88422F546CD68E590C3029BE /* Pods-GroceryList.release.xcconfig */ = {isa = PBXFileReference; includeInIndex = 1; lastKnownFileType = text.xcconfig; name = "Pods-GroceryList.release.xcconfig"; path = "Target Support Files/Pods-GroceryList/Pods-GroceryList.release.xcconfig"; sourceTree = "<group>"; };
		974E89B4487D9D649609F424 /* Pods-GroceryList.debug.xcconfig */ = {isa = PBXFileReference; includeInIndex = 1; lastKnownFileType = text.xcconfig; name = "Pods-GroceryList.debug.xcconfig"; path = "Target Support Files/Pods-GroceryList/Pods-GroceryList.debug.xcconfig"; sourceTree = "<group>"; };
		A02A96F473FBAA887B2E45F6 /* Pods_GroceryList.framework */ = {isa = PBXFileReference; explicitFileType = wrapper.framework; includeInIndex = 0; path = Pods_GroceryList.framework; sourceTree = BUILT_PRODUCTS_DIR; };
		C2CF846AD31335A03F4A7876 /* Pods-GroceryList-GroceryListTests.release.xcconfig */ = {isa = PBXFileReference; includeInIndex = 1; lastKnownFileType = text.xcconfig; name = "Pods-GroceryList-GroceryListTests.release.xcconfig"; path = "Target Support Files/Pods-GroceryList-GroceryListTests/Pods-GroceryList-GroceryListTests.release.xcconfig"; sourceTree = "<group>"; };
/* End PBXFileReference section */

/* Begin PBXFrameworksBuildPhase section */
		0D22D06225E4385400E48981 /* Frameworks */ = {
			isa = PBXFrameworksBuildPhase;
			buildActionMask = 2147483647;
			files = (
				0D22D08525E438B300E48981 /* Common.framework in Frameworks */,
				0D15E0192642381600F73B30 /* AppUI.framework in Frameworks */,
				0D22D08925E438B800E48981 /* Domain.framework in Frameworks */,
				0D15E026264255B200F73B30 /* Presentation in Frameworks */,
				ABA0FFA93C52C05B1808B438 /* Pods_GroceryList.framework in Frameworks */,
			);
			runOnlyForDeploymentPostprocessing = 0;
		};
		0D22D06B25E4385400E48981 /* Frameworks */ = {
			isa = PBXFrameworksBuildPhase;
			buildActionMask = 2147483647;
			files = (
				0D22D06F25E4385400E48981 /* GroceryList.framework in Frameworks */,
				57B8C161EDE2B844C99CACCB /* Pods_GroceryList_GroceryListTests.framework in Frameworks */,
			);
			runOnlyForDeploymentPostprocessing = 0;
		};
/* End PBXFrameworksBuildPhase section */

/* Begin PBXGroup section */
		0D08D61725EC200C00A09BAF /* GroceryItemView */ = {
			isa = PBXGroup;
			children = (
				0D08D61825EC202700A09BAF /* GroceryItemView.swift */,
				0D08D61C25EC203000A09BAF /* GroceryItemViewController.swift */,
				0D08D62025EC203900A09BAF /* GroceryItemPresenter.swift */,
			);
			path = GroceryItemView;
			sourceTree = "<group>";
		};
		0D22D05B25E4385400E48981 = {
			isa = PBXGroup;
			children = (
				0D22D06725E4385400E48981 /* GroceryList */,
				0D22D07225E4385400E48981 /* GroceryListTests */,
				0D22D06625E4385400E48981 /* Products */,
				0D22D08325E438B300E48981 /* Frameworks */,
				A65A33CF54AAFDC2298DE8F1 /* Pods */,
			);
			sourceTree = "<group>";
		};
		0D22D06625E4385400E48981 /* Products */ = {
			isa = PBXGroup;
			children = (
				0D22D06525E4385400E48981 /* GroceryList.framework */,
				0D22D06E25E4385400E48981 /* GroceryListTests.xctest */,
			);
			name = Products;
			sourceTree = "<group>";
		};
		0D22D06725E4385400E48981 /* GroceryList */ = {
			isa = PBXGroup;
			children = (
				0D24A06C25E923D800D283D4 /* Resources */,
				0D7EAD0125EACEFF00A97CC2 /* GroceryListView */,
				0D08D61725EC200C00A09BAF /* GroceryItemView */,
				0D22D06825E4385400E48981 /* GroceryList.h */,
				0D22D06925E4385400E48981 /* Info.plist */,
			);
			path = GroceryList;
			sourceTree = "<group>";
		};
		0D22D07225E4385400E48981 /* GroceryListTests */ = {
			isa = PBXGroup;
			children = (
				0D22D07325E4385400E48981 /* GroceryListTests.swift */,
				0D22D07525E4385400E48981 /* Info.plist */,
			);
			path = GroceryListTests;
			sourceTree = "<group>";
		};
		0D22D08325E438B300E48981 /* Frameworks */ = {
			isa = PBXGroup;
			children = (
				0D15E0182642381600F73B30 /* AppUI.framework */,
				0D22D08B25E438BD00E48981 /* Presentation.framework */,
				0D22D08825E438B800E48981 /* Domain.framework */,
				0D22D08425E438B300E48981 /* Common.framework */,
				A02A96F473FBAA887B2E45F6 /* Pods_GroceryList.framework */,
				87B5EAD3BCB2F76A80EC7531 /* Pods_GroceryList_GroceryListTests.framework */,
			);
			name = Frameworks;
			sourceTree = "<group>";
		};
		0D24A06C25E923D800D283D4 /* Resources */ = {
			isa = PBXGroup;
			children = (
				0D24A06D25E923EE00D283D4 /* Resources.swift */,
				0D7EADCC25EB21DD00A97CC2 /* GroceryListViewModel.swift */,
				0D7EAD1425EAD91D00A97CC2 /* GroceryItemViewModel.swift */,
				0D8247BE25EDB4110049F79F /* GroceryItemUpdateRequest.swift */,
			);
			path = Resources;
			sourceTree = "<group>";
		};
		0D7EAD0125EACEFF00A97CC2 /* GroceryListView */ = {
			isa = PBXGroup;
			children = (
				0D7EAD0E25EACF5100A97CC2 /* GroceryItemTableViewCell.swift */,
				0D7EADC225EB0FF300A97CC2 /* GroceryTotalFooterView.swift */,
				0D7EAD0225EACF1800A97CC2 /* GroceryListView.swift */,
				0D7EAD0625EACF2500A97CC2 /* GroceryListViewController.swift */,
				0D7EAD0A25EACF4100A97CC2 /* GroceryListPresenter.swift */,
			);
			path = GroceryListView;
			sourceTree = "<group>";
		};
		A65A33CF54AAFDC2298DE8F1 /* Pods */ = {
			isa = PBXGroup;
			children = (
				974E89B4487D9D649609F424 /* Pods-GroceryList.debug.xcconfig */,
				88422F546CD68E590C3029BE /* Pods-GroceryList.release.xcconfig */,
				4E80C4F241E74341F176877D /* Pods-GroceryList-GroceryListTests.debug.xcconfig */,
				C2CF846AD31335A03F4A7876 /* Pods-GroceryList-GroceryListTests.release.xcconfig */,
			);
			name = Pods;
			path = ../Pods;
			sourceTree = "<group>";
		};
/* End PBXGroup section */

/* Begin PBXHeadersBuildPhase section */
		0D22D06025E4385400E48981 /* Headers */ = {
			isa = PBXHeadersBuildPhase;
			buildActionMask = 2147483647;
			files = (
				0D22D07625E4385400E48981 /* GroceryList.h in Headers */,
			);
			runOnlyForDeploymentPostprocessing = 0;
		};
/* End PBXHeadersBuildPhase section */

/* Begin PBXNativeTarget section */
		0D22D06425E4385400E48981 /* GroceryList */ = {
			isa = PBXNativeTarget;
			buildConfigurationList = 0D22D07925E4385400E48981 /* Build configuration list for PBXNativeTarget "GroceryList" */;
			buildPhases = (
				CBE7A8565922E82D9A6A19A4 /* [CP] Check Pods Manifest.lock */,
				0D22D06025E4385400E48981 /* Headers */,
				0D22D06125E4385400E48981 /* Sources */,
				0D22D06225E4385400E48981 /* Frameworks */,
				0D22D06325E4385400E48981 /* Resources */,
				0D15E028264255B200F73B30 /* Embed Frameworks */,
			);
			buildRules = (
			);
			dependencies = (
			);
			name = GroceryList;
			packageProductDependencies = (
				0D15E025264255B200F73B30 /* Presentation */,
			);
			productName = GroceryList;
			productReference = 0D22D06525E4385400E48981 /* GroceryList.framework */;
			productType = "com.apple.product-type.framework";
		};
		0D22D06D25E4385400E48981 /* GroceryListTests */ = {
			isa = PBXNativeTarget;
			buildConfigurationList = 0D22D07C25E4385400E48981 /* Build configuration list for PBXNativeTarget "GroceryListTests" */;
			buildPhases = (
				E4B869141BF33565D6D5CC9F /* [CP] Check Pods Manifest.lock */,
				0D22D06A25E4385400E48981 /* Sources */,
				0D22D06B25E4385400E48981 /* Frameworks */,
				0D22D06C25E4385400E48981 /* Resources */,
				0B814B0382BFF267378D81C0 /* [CP] Embed Pods Frameworks */,
			);
			buildRules = (
			);
			dependencies = (
				0D22D07125E4385400E48981 /* PBXTargetDependency */,
			);
			name = GroceryListTests;
			productName = GroceryListTests;
			productReference = 0D22D06E25E4385400E48981 /* GroceryListTests.xctest */;
			productType = "com.apple.product-type.bundle.unit-test";
		};
/* End PBXNativeTarget section */

/* Begin PBXProject section */
		0D22D05C25E4385400E48981 /* Project object */ = {
			isa = PBXProject;
			attributes = {
				LastSwiftUpdateCheck = 1240;
				LastUpgradeCheck = 1240;
				TargetAttributes = {
					0D22D06425E4385400E48981 = {
						CreatedOnToolsVersion = 12.4;
						LastSwiftMigration = 1240;
					};
					0D22D06D25E4385400E48981 = {
						CreatedOnToolsVersion = 12.4;
					};
				};
			};
			buildConfigurationList = 0D22D05F25E4385400E48981 /* Build configuration list for PBXProject "GroceryList" */;
			compatibilityVersion = "Xcode 9.3";
			developmentRegion = en;
			hasScannedForEncodings = 0;
			knownRegions = (
				en,
				Base,
			);
			mainGroup = 0D22D05B25E4385400E48981;
			packageReferences = (
				0D15E024264255B200F73B30 /* XCRemoteSwiftPackageReference "Presentation" */,
			);
			productRefGroup = 0D22D06625E4385400E48981 /* Products */;
			projectDirPath = "";
			projectRoot = "";
			targets = (
				0D22D06425E4385400E48981 /* GroceryList */,
				0D22D06D25E4385400E48981 /* GroceryListTests */,
			);
		};
/* End PBXProject section */

/* Begin PBXResourcesBuildPhase section */
		0D22D06325E4385400E48981 /* Resources */ = {
			isa = PBXResourcesBuildPhase;
			buildActionMask = 2147483647;
			files = (
			);
			runOnlyForDeploymentPostprocessing = 0;
		};
		0D22D06C25E4385400E48981 /* Resources */ = {
			isa = PBXResourcesBuildPhase;
			buildActionMask = 2147483647;
			files = (
			);
			runOnlyForDeploymentPostprocessing = 0;
		};
/* End PBXResourcesBuildPhase section */

/* Begin PBXShellScriptBuildPhase section */
		0B814B0382BFF267378D81C0 /* [CP] Embed Pods Frameworks */ = {
			isa = PBXShellScriptBuildPhase;
			buildActionMask = 2147483647;
			files = (
			);
			inputFileListPaths = (
				"${PODS_ROOT}/Target Support Files/Pods-GroceryList-GroceryListTests/Pods-GroceryList-GroceryListTests-frameworks-${CONFIGURATION}-input-files.xcfilelist",
			);
			name = "[CP] Embed Pods Frameworks";
			outputFileListPaths = (
				"${PODS_ROOT}/Target Support Files/Pods-GroceryList-GroceryListTests/Pods-GroceryList-GroceryListTests-frameworks-${CONFIGURATION}-output-files.xcfilelist",
			);
			runOnlyForDeploymentPostprocessing = 0;
			shellPath = /bin/sh;
			shellScript = "\"${PODS_ROOT}/Target Support Files/Pods-GroceryList-GroceryListTests/Pods-GroceryList-GroceryListTests-frameworks.sh\"\n";
			showEnvVarsInLog = 0;
		};
		CBE7A8565922E82D9A6A19A4 /* [CP] Check Pods Manifest.lock */ = {
			isa = PBXShellScriptBuildPhase;
			buildActionMask = 2147483647;
			files = (
			);
			inputFileListPaths = (
			);
			inputPaths = (
				"${PODS_PODFILE_DIR_PATH}/Podfile.lock",
				"${PODS_ROOT}/Manifest.lock",
			);
			name = "[CP] Check Pods Manifest.lock";
			outputFileListPaths = (
			);
			outputPaths = (
				"$(DERIVED_FILE_DIR)/Pods-GroceryList-checkManifestLockResult.txt",
			);
			runOnlyForDeploymentPostprocessing = 0;
			shellPath = /bin/sh;
			shellScript = "diff \"${PODS_PODFILE_DIR_PATH}/Podfile.lock\" \"${PODS_ROOT}/Manifest.lock\" > /dev/null\nif [ $? != 0 ] ; then\n    # print error to STDERR\n    echo \"error: The sandbox is not in sync with the Podfile.lock. Run 'pod install' or update your CocoaPods installation.\" >&2\n    exit 1\nfi\n# This output is used by Xcode 'outputs' to avoid re-running this script phase.\necho \"SUCCESS\" > \"${SCRIPT_OUTPUT_FILE_0}\"\n";
			showEnvVarsInLog = 0;
		};
		E4B869141BF33565D6D5CC9F /* [CP] Check Pods Manifest.lock */ = {
			isa = PBXShellScriptBuildPhase;
			buildActionMask = 2147483647;
			files = (
			);
			inputFileListPaths = (
			);
			inputPaths = (
				"${PODS_PODFILE_DIR_PATH}/Podfile.lock",
				"${PODS_ROOT}/Manifest.lock",
			);
			name = "[CP] Check Pods Manifest.lock";
			outputFileListPaths = (
			);
			outputPaths = (
				"$(DERIVED_FILE_DIR)/Pods-GroceryList-GroceryListTests-checkManifestLockResult.txt",
			);
			runOnlyForDeploymentPostprocessing = 0;
			shellPath = /bin/sh;
			shellScript = "diff \"${PODS_PODFILE_DIR_PATH}/Podfile.lock\" \"${PODS_ROOT}/Manifest.lock\" > /dev/null\nif [ $? != 0 ] ; then\n    # print error to STDERR\n    echo \"error: The sandbox is not in sync with the Podfile.lock. Run 'pod install' or update your CocoaPods installation.\" >&2\n    exit 1\nfi\n# This output is used by Xcode 'outputs' to avoid re-running this script phase.\necho \"SUCCESS\" > \"${SCRIPT_OUTPUT_FILE_0}\"\n";
			showEnvVarsInLog = 0;
		};
/* End PBXShellScriptBuildPhase section */

/* Begin PBXSourcesBuildPhase section */
		0D22D06125E4385400E48981 /* Sources */ = {
			isa = PBXSourcesBuildPhase;
			buildActionMask = 2147483647;
			files = (
				0D08D62125EC203900A09BAF /* GroceryItemPresenter.swift in Sources */,
				0D7EADCD25EB21DD00A97CC2 /* GroceryListViewModel.swift in Sources */,
				0D7EAD0F25EACF5100A97CC2 /* GroceryItemTableViewCell.swift in Sources */,
				0D7EAD0B25EACF4100A97CC2 /* GroceryListPresenter.swift in Sources */,
				0D7EAD0325EACF1800A97CC2 /* GroceryListView.swift in Sources */,
				0D24A06E25E923EE00D283D4 /* Resources.swift in Sources */,
				0D8247BF25EDB4110049F79F /* GroceryItemUpdateRequest.swift in Sources */,
				0D7EAD0725EACF2500A97CC2 /* GroceryListViewController.swift in Sources */,
				0D08D61925EC202700A09BAF /* GroceryItemView.swift in Sources */,
				0D7EAD1525EAD91D00A97CC2 /* GroceryItemViewModel.swift in Sources */,
				0D7EADC325EB0FF300A97CC2 /* GroceryTotalFooterView.swift in Sources */,
				0D08D61D25EC203000A09BAF /* GroceryItemViewController.swift in Sources */,
			);
			runOnlyForDeploymentPostprocessing = 0;
		};
		0D22D06A25E4385400E48981 /* Sources */ = {
			isa = PBXSourcesBuildPhase;
			buildActionMask = 2147483647;
			files = (
				0D22D07425E4385400E48981 /* GroceryListTests.swift in Sources */,
			);
			runOnlyForDeploymentPostprocessing = 0;
		};
/* End PBXSourcesBuildPhase section */

/* Begin PBXTargetDependency section */
		0D22D07125E4385400E48981 /* PBXTargetDependency */ = {
			isa = PBXTargetDependency;
			target = 0D22D06425E4385400E48981 /* GroceryList */;
			targetProxy = 0D22D07025E4385400E48981 /* PBXContainerItemProxy */;
		};
/* End PBXTargetDependency section */

/* Begin XCBuildConfiguration section */
		0D22D07725E4385400E48981 /* Debug */ = {
			isa = XCBuildConfiguration;
			buildSettings = {
				ALWAYS_SEARCH_USER_PATHS = NO;
				CLANG_ANALYZER_NONNULL = YES;
				CLANG_ANALYZER_NUMBER_OBJECT_CONVERSION = YES_AGGRESSIVE;
				CLANG_CXX_LANGUAGE_STANDARD = "gnu++14";
				CLANG_CXX_LIBRARY = "libc++";
				CLANG_ENABLE_MODULES = YES;
				CLANG_ENABLE_OBJC_ARC = YES;
				CLANG_ENABLE_OBJC_WEAK = YES;
				CLANG_WARN_BLOCK_CAPTURE_AUTORELEASING = YES;
				CLANG_WARN_BOOL_CONVERSION = YES;
				CLANG_WARN_COMMA = YES;
				CLANG_WARN_CONSTANT_CONVERSION = YES;
				CLANG_WARN_DEPRECATED_OBJC_IMPLEMENTATIONS = YES;
				CLANG_WARN_DIRECT_OBJC_ISA_USAGE = YES_ERROR;
				CLANG_WARN_DOCUMENTATION_COMMENTS = YES;
				CLANG_WARN_EMPTY_BODY = YES;
				CLANG_WARN_ENUM_CONVERSION = YES;
				CLANG_WARN_INFINITE_RECURSION = YES;
				CLANG_WARN_INT_CONVERSION = YES;
				CLANG_WARN_NON_LITERAL_NULL_CONVERSION = YES;
				CLANG_WARN_OBJC_IMPLICIT_RETAIN_SELF = YES;
				CLANG_WARN_OBJC_LITERAL_CONVERSION = YES;
				CLANG_WARN_OBJC_ROOT_CLASS = YES_ERROR;
				CLANG_WARN_QUOTED_INCLUDE_IN_FRAMEWORK_HEADER = YES;
				CLANG_WARN_RANGE_LOOP_ANALYSIS = YES;
				CLANG_WARN_STRICT_PROTOTYPES = YES;
				CLANG_WARN_SUSPICIOUS_MOVE = YES;
				CLANG_WARN_UNGUARDED_AVAILABILITY = YES_AGGRESSIVE;
				CLANG_WARN_UNREACHABLE_CODE = YES;
				CLANG_WARN__DUPLICATE_METHOD_MATCH = YES;
				COPY_PHASE_STRIP = NO;
				CURRENT_PROJECT_VERSION = 1;
				DEBUG_INFORMATION_FORMAT = dwarf;
				ENABLE_STRICT_OBJC_MSGSEND = YES;
				ENABLE_TESTABILITY = YES;
				GCC_C_LANGUAGE_STANDARD = gnu11;
				GCC_DYNAMIC_NO_PIC = NO;
				GCC_NO_COMMON_BLOCKS = YES;
				GCC_OPTIMIZATION_LEVEL = 0;
				GCC_PREPROCESSOR_DEFINITIONS = (
					"DEBUG=1",
					"$(inherited)",
				);
				GCC_WARN_64_TO_32_BIT_CONVERSION = YES;
				GCC_WARN_ABOUT_RETURN_TYPE = YES_ERROR;
				GCC_WARN_UNDECLARED_SELECTOR = YES;
				GCC_WARN_UNINITIALIZED_AUTOS = YES_AGGRESSIVE;
				GCC_WARN_UNUSED_FUNCTION = YES;
				GCC_WARN_UNUSED_VARIABLE = YES;
				IPHONEOS_DEPLOYMENT_TARGET = 14.4;
				MTL_ENABLE_DEBUG_INFO = INCLUDE_SOURCE;
				MTL_FAST_MATH = YES;
				ONLY_ACTIVE_ARCH = YES;
				SDKROOT = iphoneos;
				SWIFT_ACTIVE_COMPILATION_CONDITIONS = DEBUG;
				SWIFT_OPTIMIZATION_LEVEL = "-Onone";
				VERSIONING_SYSTEM = "apple-generic";
				VERSION_INFO_PREFIX = "";
			};
			name = Debug;
		};
		0D22D07825E4385400E48981 /* Release */ = {
			isa = XCBuildConfiguration;
			buildSettings = {
				ALWAYS_SEARCH_USER_PATHS = NO;
				CLANG_ANALYZER_NONNULL = YES;
				CLANG_ANALYZER_NUMBER_OBJECT_CONVERSION = YES_AGGRESSIVE;
				CLANG_CXX_LANGUAGE_STANDARD = "gnu++14";
				CLANG_CXX_LIBRARY = "libc++";
				CLANG_ENABLE_MODULES = YES;
				CLANG_ENABLE_OBJC_ARC = YES;
				CLANG_ENABLE_OBJC_WEAK = YES;
				CLANG_WARN_BLOCK_CAPTURE_AUTORELEASING = YES;
				CLANG_WARN_BOOL_CONVERSION = YES;
				CLANG_WARN_COMMA = YES;
				CLANG_WARN_CONSTANT_CONVERSION = YES;
				CLANG_WARN_DEPRECATED_OBJC_IMPLEMENTATIONS = YES;
				CLANG_WARN_DIRECT_OBJC_ISA_USAGE = YES_ERROR;
				CLANG_WARN_DOCUMENTATION_COMMENTS = YES;
				CLANG_WARN_EMPTY_BODY = YES;
				CLANG_WARN_ENUM_CONVERSION = YES;
				CLANG_WARN_INFINITE_RECURSION = YES;
				CLANG_WARN_INT_CONVERSION = YES;
				CLANG_WARN_NON_LITERAL_NULL_CONVERSION = YES;
				CLANG_WARN_OBJC_IMPLICIT_RETAIN_SELF = YES;
				CLANG_WARN_OBJC_LITERAL_CONVERSION = YES;
				CLANG_WARN_OBJC_ROOT_CLASS = YES_ERROR;
				CLANG_WARN_QUOTED_INCLUDE_IN_FRAMEWORK_HEADER = YES;
				CLANG_WARN_RANGE_LOOP_ANALYSIS = YES;
				CLANG_WARN_STRICT_PROTOTYPES = YES;
				CLANG_WARN_SUSPICIOUS_MOVE = YES;
				CLANG_WARN_UNGUARDED_AVAILABILITY = YES_AGGRESSIVE;
				CLANG_WARN_UNREACHABLE_CODE = YES;
				CLANG_WARN__DUPLICATE_METHOD_MATCH = YES;
				COPY_PHASE_STRIP = NO;
				CURRENT_PROJECT_VERSION = 1;
				DEBUG_INFORMATION_FORMAT = "dwarf-with-dsym";
				ENABLE_NS_ASSERTIONS = NO;
				ENABLE_STRICT_OBJC_MSGSEND = YES;
				GCC_C_LANGUAGE_STANDARD = gnu11;
				GCC_NO_COMMON_BLOCKS = YES;
				GCC_WARN_64_TO_32_BIT_CONVERSION = YES;
				GCC_WARN_ABOUT_RETURN_TYPE = YES_ERROR;
				GCC_WARN_UNDECLARED_SELECTOR = YES;
				GCC_WARN_UNINITIALIZED_AUTOS = YES_AGGRESSIVE;
				GCC_WARN_UNUSED_FUNCTION = YES;
				GCC_WARN_UNUSED_VARIABLE = YES;
				IPHONEOS_DEPLOYMENT_TARGET = 14.4;
				MTL_ENABLE_DEBUG_INFO = NO;
				MTL_FAST_MATH = YES;
				SDKROOT = iphoneos;
				SWIFT_COMPILATION_MODE = wholemodule;
				SWIFT_OPTIMIZATION_LEVEL = "-O";
				VALIDATE_PRODUCT = YES;
				VERSIONING_SYSTEM = "apple-generic";
				VERSION_INFO_PREFIX = "";
			};
			name = Release;
		};
		0D22D07A25E4385400E48981 /* Debug */ = {
			isa = XCBuildConfiguration;
			baseConfigurationReference = 974E89B4487D9D649609F424 /* Pods-GroceryList.debug.xcconfig */;
			buildSettings = {
				CLANG_ENABLE_MODULES = YES;
				CODE_SIGN_STYLE = Automatic;
				DEFINES_MODULE = YES;
				DEVELOPMENT_TEAM = XCSQ883CT6;
				DYLIB_COMPATIBILITY_VERSION = 1;
				DYLIB_CURRENT_VERSION = 1;
				DYLIB_INSTALL_NAME_BASE = "@rpath";
				INFOPLIST_FILE = GroceryList/Info.plist;
				INSTALL_PATH = "$(LOCAL_LIBRARY_DIR)/Frameworks";
				IPHONEOS_DEPLOYMENT_TARGET = 12.1;
				LD_RUNPATH_SEARCH_PATHS = (
					"$(inherited)",
					"@executable_path/Frameworks",
					"@loader_path/Frameworks",
				);
				PRODUCT_BUNDLE_IDENTIFIER = com.jezreelbarbosa.grocerylist.GroceryList;
				PRODUCT_NAME = "$(TARGET_NAME:c99extidentifier)";
				SKIP_INSTALL = YES;
				SWIFT_OPTIMIZATION_LEVEL = "-Onone";
				SWIFT_VERSION = 5.0;
				TARGETED_DEVICE_FAMILY = "1,2";
			};
			name = Debug;
		};
		0D22D07B25E4385400E48981 /* Release */ = {
			isa = XCBuildConfiguration;
			baseConfigurationReference = 88422F546CD68E590C3029BE /* Pods-GroceryList.release.xcconfig */;
			buildSettings = {
				CLANG_ENABLE_MODULES = YES;
				CODE_SIGN_STYLE = Automatic;
				DEFINES_MODULE = YES;
				DEVELOPMENT_TEAM = XCSQ883CT6;
				DYLIB_COMPATIBILITY_VERSION = 1;
				DYLIB_CURRENT_VERSION = 1;
				DYLIB_INSTALL_NAME_BASE = "@rpath";
				INFOPLIST_FILE = GroceryList/Info.plist;
				INSTALL_PATH = "$(LOCAL_LIBRARY_DIR)/Frameworks";
				IPHONEOS_DEPLOYMENT_TARGET = 12.1;
				LD_RUNPATH_SEARCH_PATHS = (
					"$(inherited)",
					"@executable_path/Frameworks",
					"@loader_path/Frameworks",
				);
				PRODUCT_BUNDLE_IDENTIFIER = com.jezreelbarbosa.grocerylist.GroceryList;
				PRODUCT_NAME = "$(TARGET_NAME:c99extidentifier)";
				SKIP_INSTALL = YES;
				SWIFT_VERSION = 5.0;
				TARGETED_DEVICE_FAMILY = "1,2";
			};
			name = Release;
		};
		0D22D07D25E4385400E48981 /* Debug */ = {
			isa = XCBuildConfiguration;
			baseConfigurationReference = 4E80C4F241E74341F176877D /* Pods-GroceryList-GroceryListTests.debug.xcconfig */;
			buildSettings = {
				CODE_SIGN_STYLE = Automatic;
				DEVELOPMENT_TEAM = P38KT438VN;
				INFOPLIST_FILE = GroceryListTests/Info.plist;
				LD_RUNPATH_SEARCH_PATHS = (
					"$(inherited)",
					"@executable_path/Frameworks",
					"@loader_path/Frameworks",
				);
				PRODUCT_BUNDLE_IDENTIFIER = com.jezreelbarbosa.grocerylist.GroceryListTests;
				PRODUCT_NAME = "$(TARGET_NAME)";
				SWIFT_VERSION = 5.0;
				TARGETED_DEVICE_FAMILY = "1,2";
			};
			name = Debug;
		};
		0D22D07E25E4385400E48981 /* Release */ = {
			isa = XCBuildConfiguration;
			baseConfigurationReference = C2CF846AD31335A03F4A7876 /* Pods-GroceryList-GroceryListTests.release.xcconfig */;
			buildSettings = {
				CODE_SIGN_STYLE = Automatic;
				DEVELOPMENT_TEAM = P38KT438VN;
				INFOPLIST_FILE = GroceryListTests/Info.plist;
				LD_RUNPATH_SEARCH_PATHS = (
					"$(inherited)",
					"@executable_path/Frameworks",
					"@loader_path/Frameworks",
				);
				PRODUCT_BUNDLE_IDENTIFIER = com.jezreelbarbosa.grocerylist.GroceryListTests;
				PRODUCT_NAME = "$(TARGET_NAME)";
				SWIFT_VERSION = 5.0;
				TARGETED_DEVICE_FAMILY = "1,2";
			};
			name = Release;
		};
/* End XCBuildConfiguration section */

/* Begin XCConfigurationList section */
		0D22D05F25E4385400E48981 /* Build configuration list for PBXProject "GroceryList" */ = {
			isa = XCConfigurationList;
			buildConfigurations = (
				0D22D07725E4385400E48981 /* Debug */,
				0D22D07825E4385400E48981 /* Release */,
			);
			defaultConfigurationIsVisible = 0;
			defaultConfigurationName = Release;
		};
		0D22D07925E4385400E48981 /* Build configuration list for PBXNativeTarget "GroceryList" */ = {
			isa = XCConfigurationList;
			buildConfigurations = (
				0D22D07A25E4385400E48981 /* Debug */,
				0D22D07B25E4385400E48981 /* Release */,
			);
			defaultConfigurationIsVisible = 0;
			defaultConfigurationName = Release;
		};
		0D22D07C25E4385400E48981 /* Build configuration list for PBXNativeTarget "GroceryListTests" */ = {
			isa = XCConfigurationList;
			buildConfigurations = (
				0D22D07D25E4385400E48981 /* Debug */,
				0D22D07E25E4385400E48981 /* Release */,
			);
			defaultConfigurationIsVisible = 0;
			defaultConfigurationName = Release;
		};
/* End XCConfigurationList section */

/* Begin XCRemoteSwiftPackageReference section */
		0D15E024264255B200F73B30 /* XCRemoteSwiftPackageReference "Presentation" */ = {
			isa = XCRemoteSwiftPackageReference;
			repositoryURL = "https://github.com/jezreelbarbosa/Presentation.git";
			requirement = {
				branch = main;
				kind = branch;
			};
		};
/* End XCRemoteSwiftPackageReference section */

/* Begin XCSwiftPackageProductDependency section */
		0D15E025264255B200F73B30 /* Presentation */ = {
			isa = XCSwiftPackageProductDependency;
			package = 0D15E024264255B200F73B30 /* XCRemoteSwiftPackageReference "Presentation" */;
			productName = Presentation;
		};
/* End XCSwiftPackageProductDependency section */
	};
	rootObject = 0D22D05C25E4385400E48981 /* Project object */;
}
